// !$*UTF8*$!
{
	archiveVersion = 1;
	classes = {
	};
	objectVersion = 46;
	objects = {

/* Begin PBXBuildFile section */
		1D7B3D361F5C1EDC000D49B6 /* StartStopTests.swift in Sources */ = {isa = PBXBuildFile; fileRef = 1D7B3D2F1F5C1EC7000D49B6 /* StartStopTests.swift */; };
		1D7B3D371F5C1EDE000D49B6 /* ConstraintTests.swift in Sources */ = {isa = PBXBuildFile; fileRef = 1D7B3D2E1F5C1EC7000D49B6 /* ConstraintTests.swift */; };
		1D7B3D391F5C1EE4000D49B6 /* TestUtils.swift in Sources */ = {isa = PBXBuildFile; fileRef = 1D7B3D311F5C1EC7000D49B6 /* TestUtils.swift */; };
		1D8479A81F82A84B00B3BBFB /* UserDefaultsPersister.swift in Sources */ = {isa = PBXBuildFile; fileRef = 1D8479A11F82A84A00B3BBFB /* UserDefaultsPersister.swift */; };
		1D8479A91F82A84B00B3BBFB /* SwiftQueue.swift in Sources */ = {isa = PBXBuildFile; fileRef = 1D8479A21F82A84A00B3BBFB /* SwiftQueue.swift */; };
		1D8479AA1F82A84B00B3BBFB /* Utils.swift in Sources */ = {isa = PBXBuildFile; fileRef = 1D8479A31F82A84A00B3BBFB /* Utils.swift */; };
		1D8479AB1F82A84B00B3BBFB /* SqOperation.swift in Sources */ = {isa = PBXBuildFile; fileRef = 1D8479A41F82A84B00B3BBFB /* SqOperation.swift */; };
		1D8479AC1F82A84B00B3BBFB /* SwiftQueueManager.swift in Sources */ = {isa = PBXBuildFile; fileRef = 1D8479A51F82A84B00B3BBFB /* SwiftQueueManager.swift */; };
		1D8479AD1F82A84B00B3BBFB /* Constraint.swift in Sources */ = {isa = PBXBuildFile; fileRef = 1D8479A61F82A84B00B3BBFB /* Constraint.swift */; };
		1E68E0ABCE7FDC17AD665D7D /* Constraint+UniqueUUID.swift in Sources */ = {isa = PBXBuildFile; fileRef = 1E68E002DC39E9BBE4A0A06A /* Constraint+UniqueUUID.swift */; };
		1E68E27E30C2ECBA84227438 /* Constraint+Network.swift in Sources */ = {isa = PBXBuildFile; fileRef = 1E68E82C1E071C7AA1AC4BB6 /* Constraint+Network.swift */; };
		1E68E3E5B1F435F4BA6F7A45 /* Constraint+UniqueUUID.swift in Sources */ = {isa = PBXBuildFile; fileRef = 1E68E002DC39E9BBE4A0A06A /* Constraint+UniqueUUID.swift */; };
		1E68E3EBCA9E8C864968B6DB /* Constraint+Delay.swift in Sources */ = {isa = PBXBuildFile; fileRef = 1E68E940C8373221E3EDC771 /* Constraint+Delay.swift */; };
		1E68E40BB6FB2BCA442AF263 /* Constraint+Network.swift in Sources */ = {isa = PBXBuildFile; fileRef = 1E68E82C1E071C7AA1AC4BB6 /* Constraint+Network.swift */; };
		1E68E4E7E82AA3F923E506ED /* Constraint+Network.swift in Sources */ = {isa = PBXBuildFile; fileRef = 1E68E82C1E071C7AA1AC4BB6 /* Constraint+Network.swift */; };
		1E68E50072A5A3975890B1C5 /* Constraint+Delay.swift in Sources */ = {isa = PBXBuildFile; fileRef = 1E68E940C8373221E3EDC771 /* Constraint+Delay.swift */; };
		1E68E5571363098B08B6B7AC /* Constraint+Delay.swift in Sources */ = {isa = PBXBuildFile; fileRef = 1E68E940C8373221E3EDC771 /* Constraint+Delay.swift */; };
		1E68E6C0E0677240BAE94396 /* Constraint+Network.swift in Sources */ = {isa = PBXBuildFile; fileRef = 1E68E82C1E071C7AA1AC4BB6 /* Constraint+Network.swift */; };
		1E68E727B0ED1A76491D4BAB /* Constraint+UniqueUUID.swift in Sources */ = {isa = PBXBuildFile; fileRef = 1E68E002DC39E9BBE4A0A06A /* Constraint+UniqueUUID.swift */; };
		1E68E8801255D163804FD66C /* Constraint+Deadline.swift in Sources */ = {isa = PBXBuildFile; fileRef = 1E68EF96F1DE038FFF94FCD8 /* Constraint+Deadline.swift */; };
		1E68EA78A2D5CF807765CF75 /* Constraint+Deadline.swift in Sources */ = {isa = PBXBuildFile; fileRef = 1E68EF96F1DE038FFF94FCD8 /* Constraint+Deadline.swift */; };
		1E68EB2E5C2B18444083FC37 /* Constraint+Deadline.swift in Sources */ = {isa = PBXBuildFile; fileRef = 1E68EF96F1DE038FFF94FCD8 /* Constraint+Deadline.swift */; };
		1E68ED598FA15EF36B431571 /* Constraint+Deadline.swift in Sources */ = {isa = PBXBuildFile; fileRef = 1E68EF96F1DE038FFF94FCD8 /* Constraint+Deadline.swift */; };
		1E68EDC2230D2FACC61E7868 /* Constraint+Delay.swift in Sources */ = {isa = PBXBuildFile; fileRef = 1E68E940C8373221E3EDC771 /* Constraint+Delay.swift */; };
		1E68EE914B5B51CDB2BD7C4D /* Constraint+UniqueUUID.swift in Sources */ = {isa = PBXBuildFile; fileRef = 1E68E002DC39E9BBE4A0A06A /* Constraint+UniqueUUID.swift */; };
		95A210264F99EAC94629D786 /* SwiftQueueLogger.swift in Sources */ = {isa = PBXBuildFile; fileRef = 95A217FDB8197696002CE25C /* SwiftQueueLogger.swift */; };
		95A213CFEA10D6FD5672A64A /* JobInfoSerializer+V1.swift in Sources */ = {isa = PBXBuildFile; fileRef = 95A210DDE517DF37DE5A7EC1 /* JobInfoSerializer+V1.swift */; };
		95A2142AD4929198F8C2534D /* Constraint+Charging.swift in Sources */ = {isa = PBXBuildFile; fileRef = 95A21C01EDB773B7F17134AF /* Constraint+Charging.swift */; };
		95A214C332FB7115C12F88D2 /* LoggerTests.swift in Sources */ = {isa = PBXBuildFile; fileRef = 95A2193AF039008357A8D362 /* LoggerTests.swift */; };
		95A21576964E9A1FE1EDC5DB /* SwiftQueueLogger.swift in Sources */ = {isa = PBXBuildFile; fileRef = 95A217FDB8197696002CE25C /* SwiftQueueLogger.swift */; };
		95A215B786349300D06194AF /* JobInfoSerializer+V1.swift in Sources */ = {isa = PBXBuildFile; fileRef = 95A210DDE517DF37DE5A7EC1 /* JobInfoSerializer+V1.swift */; };
		95A215E3804561CFBDE4EAB1 /* Constraint+Charging.swift in Sources */ = {isa = PBXBuildFile; fileRef = 95A21C01EDB773B7F17134AF /* Constraint+Charging.swift */; };
		95A2171B6C37518D0DCD3D5D /* JobInfoSerializer+Decodable.swift in Sources */ = {isa = PBXBuildFile; fileRef = 95A2169E6968B5F155D5B612 /* JobInfoSerializer+Decodable.swift */; };
		95A2187C9276ED640CDADEEF /* JobInfoSerializer+V1.swift in Sources */ = {isa = PBXBuildFile; fileRef = 95A210DDE517DF37DE5A7EC1 /* JobInfoSerializer+V1.swift */; };
		95A21AA01272F46BD1A095A9 /* Constraint+Charging.swift in Sources */ = {isa = PBXBuildFile; fileRef = 95A21C01EDB773B7F17134AF /* Constraint+Charging.swift */; };
		95A21B708B2910C7CF8BD39D /* SwiftQueueLogger.swift in Sources */ = {isa = PBXBuildFile; fileRef = 95A217FDB8197696002CE25C /* SwiftQueueLogger.swift */; };
		95A21B7D3F013BAF87216CF0 /* JobInfoSerializer+Decodable.swift in Sources */ = {isa = PBXBuildFile; fileRef = 95A2169E6968B5F155D5B612 /* JobInfoSerializer+Decodable.swift */; };
		95A21C3EDEB17572B42263F9 /* JobInfoSerializer+V1.swift in Sources */ = {isa = PBXBuildFile; fileRef = 95A210DDE517DF37DE5A7EC1 /* JobInfoSerializer+V1.swift */; };
		95A21CA23302F5A747C56040 /* JobInfoSerializer+Decodable.swift in Sources */ = {isa = PBXBuildFile; fileRef = 95A2169E6968B5F155D5B612 /* JobInfoSerializer+Decodable.swift */; };
		95A21D7F9EA08E843CB77B73 /* JobInfoSerializer+Decodable.swift in Sources */ = {isa = PBXBuildFile; fileRef = 95A2169E6968B5F155D5B612 /* JobInfoSerializer+Decodable.swift */; };
		95A21FA05AABFA4A59096E8E /* SwiftQueueLogger.swift in Sources */ = {isa = PBXBuildFile; fileRef = 95A217FDB8197696002CE25C /* SwiftQueueLogger.swift */; };
		95A21FA0723161F6908B133B /* Constraint+Charging.swift in Sources */ = {isa = PBXBuildFile; fileRef = 95A21C01EDB773B7F17134AF /* Constraint+Charging.swift */; };
		B06405031FA04AA000086C69 /* UserDefaultsPersister.swift in Sources */ = {isa = PBXBuildFile; fileRef = 1D8479A11F82A84A00B3BBFB /* UserDefaultsPersister.swift */; };
		B06405041FA04AA000086C69 /* SwiftQueue.swift in Sources */ = {isa = PBXBuildFile; fileRef = 1D8479A21F82A84A00B3BBFB /* SwiftQueue.swift */; };
		B06405061FA04AA000086C69 /* Constraint.swift in Sources */ = {isa = PBXBuildFile; fileRef = 1D8479A61F82A84B00B3BBFB /* Constraint.swift */; };
		B06405071FA04AA000086C69 /* Utils.swift in Sources */ = {isa = PBXBuildFile; fileRef = 1D8479A31F82A84A00B3BBFB /* Utils.swift */; };
		B06405081FA04AA000086C69 /* SqOperation.swift in Sources */ = {isa = PBXBuildFile; fileRef = 1D8479A41F82A84B00B3BBFB /* SqOperation.swift */; };
		B06405091FA04AA000086C69 /* SwiftQueueManager.swift in Sources */ = {isa = PBXBuildFile; fileRef = 1D8479A51F82A84B00B3BBFB /* SwiftQueueManager.swift */; };
		B06405121FA04AAC00086C69 /* UserDefaultsPersister.swift in Sources */ = {isa = PBXBuildFile; fileRef = 1D8479A11F82A84A00B3BBFB /* UserDefaultsPersister.swift */; };
		B06405131FA04AAC00086C69 /* SwiftQueue.swift in Sources */ = {isa = PBXBuildFile; fileRef = 1D8479A21F82A84A00B3BBFB /* SwiftQueue.swift */; };
		B06405151FA04AAC00086C69 /* Constraint.swift in Sources */ = {isa = PBXBuildFile; fileRef = 1D8479A61F82A84B00B3BBFB /* Constraint.swift */; };
		B06405161FA04AAC00086C69 /* Utils.swift in Sources */ = {isa = PBXBuildFile; fileRef = 1D8479A31F82A84A00B3BBFB /* Utils.swift */; };
		B06405171FA04AAC00086C69 /* SqOperation.swift in Sources */ = {isa = PBXBuildFile; fileRef = 1D8479A41F82A84B00B3BBFB /* SqOperation.swift */; };
		B06405181FA04AAC00086C69 /* SwiftQueueManager.swift in Sources */ = {isa = PBXBuildFile; fileRef = 1D8479A51F82A84B00B3BBFB /* SwiftQueueManager.swift */; };
		B06405211FA04CCF00086C69 /* UserDefaultsPersister.swift in Sources */ = {isa = PBXBuildFile; fileRef = 1D8479A11F82A84A00B3BBFB /* UserDefaultsPersister.swift */; };
		B06405221FA04CCF00086C69 /* SwiftQueue.swift in Sources */ = {isa = PBXBuildFile; fileRef = 1D8479A21F82A84A00B3BBFB /* SwiftQueue.swift */; };
		B06405241FA04CCF00086C69 /* Constraint.swift in Sources */ = {isa = PBXBuildFile; fileRef = 1D8479A61F82A84B00B3BBFB /* Constraint.swift */; };
		B06405251FA04CCF00086C69 /* Utils.swift in Sources */ = {isa = PBXBuildFile; fileRef = 1D8479A31F82A84A00B3BBFB /* Utils.swift */; };
		B06405261FA04CCF00086C69 /* SqOperation.swift in Sources */ = {isa = PBXBuildFile; fileRef = 1D8479A41F82A84B00B3BBFB /* SqOperation.swift */; };
		B06405271FA04CCF00086C69 /* SwiftQueueManager.swift in Sources */ = {isa = PBXBuildFile; fileRef = 1D8479A51F82A84B00B3BBFB /* SwiftQueueManager.swift */; };
		D0B7C0848D0FF83C8B04EBB6 /* JobInfo.swift in Sources */ = {isa = PBXBuildFile; fileRef = D0B7C4E41A1BF73329A7D03D /* JobInfo.swift */; };
		D0B7C276BFD64AF0EA757C55 /* SqOperationQueue.swift in Sources */ = {isa = PBXBuildFile; fileRef = D0B7CB571CECEEA34DD07398 /* SqOperationQueue.swift */; };
		D0B7C2F3F465996A939596F7 /* SqOperationQueue.swift in Sources */ = {isa = PBXBuildFile; fileRef = D0B7CB571CECEEA34DD07398 /* SqOperationQueue.swift */; };
		D0B7C437539F0BEE35FBE8F0 /* JobBuilder.swift in Sources */ = {isa = PBXBuildFile; fileRef = D0B7CB3B79E039D3B11D8921 /* JobBuilder.swift */; };
		D0B7C50629CD1E0F8F40E7F3 /* ConstraintNetworkTests.swift in Sources */ = {isa = PBXBuildFile; fileRef = D0B7C812F675CD459799C2DD /* ConstraintNetworkTests.swift */; };
		D0B7C6B8833437575C438715 /* JobBuilder.swift in Sources */ = {isa = PBXBuildFile; fileRef = D0B7CB3B79E039D3B11D8921 /* JobBuilder.swift */; };
		D0B7C6C3E08DF6BFD0737E4D /* ConstraintDeadlineTests.swift in Sources */ = {isa = PBXBuildFile; fileRef = D0B7C898344F1EB3A0815D67 /* ConstraintDeadlineTests.swift */; };
		D0B7C8729FA2F6EF3A6C42F8 /* JobBuilder.swift in Sources */ = {isa = PBXBuildFile; fileRef = D0B7CB3B79E039D3B11D8921 /* JobBuilder.swift */; };
		D0B7C94CAD20ADBB67BE5192 /* SwiftQueueBuilderTests.swift in Sources */ = {isa = PBXBuildFile; fileRef = D0B7C4BC41F2C8121944180C /* SwiftQueueBuilderTests.swift */; };
		D0B7C996BDB2A748B6B8843A /* JobInfo.swift in Sources */ = {isa = PBXBuildFile; fileRef = D0B7C4E41A1BF73329A7D03D /* JobInfo.swift */; };
		D0B7C9AE1E4717DE474FD804 /* SqOperationQueue.swift in Sources */ = {isa = PBXBuildFile; fileRef = D0B7CB571CECEEA34DD07398 /* SqOperationQueue.swift */; };
		D0B7C9B78BFACD1BEDA4D42E /* PersisterTests.swift in Sources */ = {isa = PBXBuildFile; fileRef = D0B7C62E5894FA6EE00D3160 /* PersisterTests.swift */; };
		D0B7CC03343274087B4C7955 /* JobInfo.swift in Sources */ = {isa = PBXBuildFile; fileRef = D0B7C4E41A1BF73329A7D03D /* JobInfo.swift */; };
		D0B7CC89D901F6C8AD2666D9 /* JobInfo.swift in Sources */ = {isa = PBXBuildFile; fileRef = D0B7C4E41A1BF73329A7D03D /* JobInfo.swift */; };
		D0B7CD1E797A69C89CB0ADE2 /* SqOperationQueue.swift in Sources */ = {isa = PBXBuildFile; fileRef = D0B7CB571CECEEA34DD07398 /* SqOperationQueue.swift */; };
		D0B7CE62CE9A0DB7DF08FB57 /* ConstraintUniqueUUIDTests.swift in Sources */ = {isa = PBXBuildFile; fileRef = D0B7C37E250DEE9A9B55C8ED /* ConstraintUniqueUUIDTests.swift */; };
		D0B7CFA2089DFF576E0D765B /* JobBuilder.swift in Sources */ = {isa = PBXBuildFile; fileRef = D0B7CB3B79E039D3B11D8921 /* JobBuilder.swift */; };
		OBJ_27 /* SwiftQueueTests.swift in Sources */ = {isa = PBXBuildFile; fileRef = OBJ_11 /* SwiftQueueTests.swift */; };
		OBJ_29 /* SwiftQueue.framework in Frameworks */ = {isa = PBXBuildFile; fileRef = OBJ_13 /* SwiftQueue.framework */; };
/* End PBXBuildFile section */

/* Begin PBXContainerItemProxy section */
		1D7B3D211F5C1EAF000D49B6 /* PBXContainerItemProxy */ = {
			isa = PBXContainerItemProxy;
			containerPortal = OBJ_1 /* Project object */;
			proxyType = 1;
			remoteGlobalIDString = OBJ_15;
			remoteInfo = SwiftQueue;
		};
/* End PBXContainerItemProxy section */

/* Begin PBXFileReference section */
		1D7B3D2E1F5C1EC7000D49B6 /* ConstraintTests.swift */ = {isa = PBXFileReference; fileEncoding = 4; lastKnownFileType = sourcecode.swift; path = ConstraintTests.swift; sourceTree = "<group>"; };
		1D7B3D2F1F5C1EC7000D49B6 /* StartStopTests.swift */ = {isa = PBXFileReference; fileEncoding = 4; lastKnownFileType = sourcecode.swift; path = StartStopTests.swift; sourceTree = "<group>"; };
		1D7B3D311F5C1EC7000D49B6 /* TestUtils.swift */ = {isa = PBXFileReference; fileEncoding = 4; lastKnownFileType = sourcecode.swift; path = TestUtils.swift; sourceTree = "<group>"; };
		1D8479A11F82A84A00B3BBFB /* UserDefaultsPersister.swift */ = {isa = PBXFileReference; fileEncoding = 4; lastKnownFileType = sourcecode.swift; name = UserDefaultsPersister.swift; path = SwiftQueue/UserDefaultsPersister.swift; sourceTree = "<group>"; };
		1D8479A21F82A84A00B3BBFB /* SwiftQueue.swift */ = {isa = PBXFileReference; fileEncoding = 4; lastKnownFileType = sourcecode.swift; name = SwiftQueue.swift; path = SwiftQueue/SwiftQueue.swift; sourceTree = "<group>"; };
		1D8479A31F82A84A00B3BBFB /* Utils.swift */ = {isa = PBXFileReference; fileEncoding = 4; lastKnownFileType = sourcecode.swift; name = Utils.swift; path = SwiftQueue/Utils.swift; sourceTree = "<group>"; };
		1D8479A41F82A84B00B3BBFB /* SqOperation.swift */ = {isa = PBXFileReference; fileEncoding = 4; lastKnownFileType = sourcecode.swift; name = SqOperation.swift; path = SwiftQueue/SqOperation.swift; sourceTree = "<group>"; };
		1D8479A51F82A84B00B3BBFB /* SwiftQueueManager.swift */ = {isa = PBXFileReference; fileEncoding = 4; lastKnownFileType = sourcecode.swift; name = SwiftQueueManager.swift; path = SwiftQueue/SwiftQueueManager.swift; sourceTree = "<group>"; };
		1D8479A61F82A84B00B3BBFB /* Constraint.swift */ = {isa = PBXFileReference; fileEncoding = 4; lastKnownFileType = sourcecode.swift; name = Constraint.swift; path = SwiftQueue/Constraint.swift; sourceTree = "<group>"; };
		1DFCD8731F811FD6000568B9 /* Reachability.framework */ = {isa = PBXFileReference; lastKnownFileType = wrapper.framework; name = Reachability.framework; path = Carthage/Build/Mac/Reachability.framework; sourceTree = "<group>"; };
		1E68E002DC39E9BBE4A0A06A /* Constraint+UniqueUUID.swift */ = {isa = PBXFileReference; fileEncoding = 4; lastKnownFileType = sourcecode.swift; name = "Constraint+UniqueUUID.swift"; path = "SwiftQueue/Constraint+UniqueUUID.swift"; sourceTree = "<group>"; };
		1E68E82C1E071C7AA1AC4BB6 /* Constraint+Network.swift */ = {isa = PBXFileReference; fileEncoding = 4; lastKnownFileType = sourcecode.swift; name = "Constraint+Network.swift"; path = "SwiftQueue/Constraint+Network.swift"; sourceTree = "<group>"; };
		1E68E940C8373221E3EDC771 /* Constraint+Delay.swift */ = {isa = PBXFileReference; fileEncoding = 4; lastKnownFileType = sourcecode.swift; name = "Constraint+Delay.swift"; path = "SwiftQueue/Constraint+Delay.swift"; sourceTree = "<group>"; };
		1E68EF96F1DE038FFF94FCD8 /* Constraint+Deadline.swift */ = {isa = PBXFileReference; fileEncoding = 4; lastKnownFileType = sourcecode.swift; name = "Constraint+Deadline.swift"; path = "SwiftQueue/Constraint+Deadline.swift"; sourceTree = "<group>"; };
		95A210DDE517DF37DE5A7EC1 /* JobInfoSerializer+V1.swift */ = {isa = PBXFileReference; fileEncoding = 4; lastKnownFileType = sourcecode.swift; name = "JobInfoSerializer+V1.swift"; path = "SwiftQueue/JobInfoSerializer+V1.swift"; sourceTree = "<group>"; };
		95A2169E6968B5F155D5B612 /* JobInfoSerializer+Decodable.swift */ = {isa = PBXFileReference; fileEncoding = 4; lastKnownFileType = sourcecode.swift; name = "JobInfoSerializer+Decodable.swift"; path = "SwiftQueue/JobInfoSerializer+Decodable.swift"; sourceTree = "<group>"; };
		95A217FDB8197696002CE25C /* SwiftQueueLogger.swift */ = {isa = PBXFileReference; fileEncoding = 4; lastKnownFileType = sourcecode.swift; name = SwiftQueueLogger.swift; path = SwiftQueue/SwiftQueueLogger.swift; sourceTree = "<group>"; };
		95A2193AF039008357A8D362 /* LoggerTests.swift */ = {isa = PBXFileReference; fileEncoding = 4; lastKnownFileType = sourcecode.swift; path = LoggerTests.swift; sourceTree = "<group>"; };
		95A21C01EDB773B7F17134AF /* Constraint+Charging.swift */ = {isa = PBXFileReference; fileEncoding = 4; lastKnownFileType = sourcecode.swift; name = "Constraint+Charging.swift"; path = "SwiftQueue/Constraint+Charging.swift"; sourceTree = "<group>"; };
		B064050E1FA04AA000086C69 /* SwiftQueue.framework */ = {isa = PBXFileReference; explicitFileType = wrapper.framework; includeInIndex = 0; path = SwiftQueue.framework; sourceTree = BUILT_PRODUCTS_DIR; };
		B064051D1FA04AAC00086C69 /* SwiftQueue.framework */ = {isa = PBXFileReference; explicitFileType = wrapper.framework; includeInIndex = 0; path = SwiftQueue.framework; sourceTree = BUILT_PRODUCTS_DIR; };
		B064052C1FA04CCF00086C69 /* SwiftQueue.framework */ = {isa = PBXFileReference; explicitFileType = wrapper.framework; includeInIndex = 0; path = SwiftQueue.framework; sourceTree = BUILT_PRODUCTS_DIR; };
		D0B7C2A57EFC83B94E3146B3 /* Package.swift */ = {isa = PBXFileReference; fileEncoding = 4; lastKnownFileType = sourcecode.swift; path = Package.swift; sourceTree = SOURCE_ROOT; };
		D0B7C37E250DEE9A9B55C8ED /* ConstraintUniqueUUIDTests.swift */ = {isa = PBXFileReference; fileEncoding = 4; lastKnownFileType = sourcecode.swift; path = ConstraintUniqueUUIDTests.swift; sourceTree = "<group>"; };
		D0B7C4BC41F2C8121944180C /* SwiftQueueBuilderTests.swift */ = {isa = PBXFileReference; fileEncoding = 4; lastKnownFileType = sourcecode.swift; path = SwiftQueueBuilderTests.swift; sourceTree = "<group>"; };
		D0B7C4E41A1BF73329A7D03D /* JobInfo.swift */ = {isa = PBXFileReference; fileEncoding = 4; lastKnownFileType = sourcecode.swift; name = JobInfo.swift; path = SwiftQueue/JobInfo.swift; sourceTree = "<group>"; };
		D0B7C62E5894FA6EE00D3160 /* PersisterTests.swift */ = {isa = PBXFileReference; fileEncoding = 4; lastKnownFileType = sourcecode.swift; path = PersisterTests.swift; sourceTree = "<group>"; };
		D0B7C812F675CD459799C2DD /* ConstraintNetworkTests.swift */ = {isa = PBXFileReference; fileEncoding = 4; lastKnownFileType = sourcecode.swift; path = ConstraintNetworkTests.swift; sourceTree = "<group>"; };
		D0B7C898344F1EB3A0815D67 /* ConstraintDeadlineTests.swift */ = {isa = PBXFileReference; fileEncoding = 4; lastKnownFileType = sourcecode.swift; path = ConstraintDeadlineTests.swift; sourceTree = "<group>"; };
		D0B7CB3B79E039D3B11D8921 /* JobBuilder.swift */ = {isa = PBXFileReference; fileEncoding = 4; lastKnownFileType = sourcecode.swift; name = JobBuilder.swift; path = SwiftQueue/JobBuilder.swift; sourceTree = "<group>"; };
		D0B7CB571CECEEA34DD07398 /* SqOperationQueue.swift */ = {isa = PBXFileReference; fileEncoding = 4; lastKnownFileType = sourcecode.swift; name = SqOperationQueue.swift; path = SwiftQueue/SqOperationQueue.swift; sourceTree = "<group>"; };
		OBJ_11 /* SwiftQueueTests.swift */ = {isa = PBXFileReference; lastKnownFileType = sourcecode.swift; path = SwiftQueueTests.swift; sourceTree = "<group>"; };
		OBJ_13 /* SwiftQueue.framework */ = {isa = PBXFileReference; explicitFileType = wrapper.framework; path = SwiftQueue.framework; sourceTree = BUILT_PRODUCTS_DIR; };
		OBJ_14 /* SwiftQueueTests.xctest */ = {isa = PBXFileReference; explicitFileType = wrapper.cfbundle; path = SwiftQueueTests.xctest; sourceTree = BUILT_PRODUCTS_DIR; };
/* End PBXFileReference section */

/* Begin PBXFrameworksBuildPhase section */
		B064050A1FA04AA000086C69 /* Frameworks */ = {
			isa = PBXFrameworksBuildPhase;
			buildActionMask = 0;
			files = (
			);
			runOnlyForDeploymentPostprocessing = 0;
		};
		B06405191FA04AAC00086C69 /* Frameworks */ = {
			isa = PBXFrameworksBuildPhase;
			buildActionMask = 0;
			files = (
			);
			runOnlyForDeploymentPostprocessing = 0;
		};
		B06405281FA04CCF00086C69 /* Frameworks */ = {
			isa = PBXFrameworksBuildPhase;
			buildActionMask = 0;
			files = (
			);
			runOnlyForDeploymentPostprocessing = 0;
		};
		OBJ_21 /* Frameworks */ = {
			isa = PBXFrameworksBuildPhase;
			buildActionMask = 0;
			files = (
			);
			runOnlyForDeploymentPostprocessing = 0;
		};
		OBJ_28 /* Frameworks */ = {
			isa = PBXFrameworksBuildPhase;
			buildActionMask = 0;
			files = (
				OBJ_29 /* SwiftQueue.framework in Frameworks */,
			);
			runOnlyForDeploymentPostprocessing = 0;
		};
/* End PBXFrameworksBuildPhase section */

/* Begin PBXGroup section */
		1D0CACB51F5D95F0007620F1 /* Frameworks */ = {
			isa = PBXGroup;
			children = (
				1DFCD8731F811FD6000568B9 /* Reachability.framework */,
			);
			name = Frameworks;
			sourceTree = "<group>";
		};
		OBJ_10 /* SwiftQueueTests */ = {
			isa = PBXGroup;
			children = (
				D0B7C4BC41F2C8121944180C /* SwiftQueueBuilderTests.swift */,
				1D7B3D2E1F5C1EC7000D49B6 /* ConstraintTests.swift */,
				1D7B3D2F1F5C1EC7000D49B6 /* StartStopTests.swift */,
				1D7B3D311F5C1EC7000D49B6 /* TestUtils.swift */,
				OBJ_11 /* SwiftQueueTests.swift */,
				D0B7C37E250DEE9A9B55C8ED /* ConstraintUniqueUUIDTests.swift */,
				D0B7C812F675CD459799C2DD /* ConstraintNetworkTests.swift */,
				D0B7C62E5894FA6EE00D3160 /* PersisterTests.swift */,
				D0B7C898344F1EB3A0815D67 /* ConstraintDeadlineTests.swift */,
				D0B7C2A57EFC83B94E3146B3 /* Package.swift */,
				95A2193AF039008357A8D362 /* LoggerTests.swift */,
			);
			name = SwiftQueueTests;
			path = Tests/SwiftQueueTests;
			sourceTree = SOURCE_ROOT;
		};
		OBJ_12 /* Products */ = {
			isa = PBXGroup;
			children = (
				OBJ_13 /* SwiftQueue.framework */,
				OBJ_14 /* SwiftQueueTests.xctest */,
				B064050E1FA04AA000086C69 /* SwiftQueue.framework */,
				B064051D1FA04AAC00086C69 /* SwiftQueue.framework */,
				B064052C1FA04CCF00086C69 /* SwiftQueue.framework */,
			);
			name = Products;
			sourceTree = BUILT_PRODUCTS_DIR;
		};
		OBJ_5 = {
			isa = PBXGroup;
			children = (
				OBJ_7 /* Sources */,
				OBJ_9 /* Tests */,
				OBJ_12 /* Products */,
				1D0CACB51F5D95F0007620F1 /* Frameworks */,
			);
			sourceTree = "<group>";
		};
		OBJ_7 /* Sources */ = {
			isa = PBXGroup;
			children = (
				1D8479A61F82A84B00B3BBFB /* Constraint.swift */,
				1D8479A21F82A84A00B3BBFB /* SwiftQueue.swift */,
				1D8479A41F82A84B00B3BBFB /* SqOperation.swift */,
				1D8479A51F82A84B00B3BBFB /* SwiftQueueManager.swift */,
				1D8479A11F82A84A00B3BBFB /* UserDefaultsPersister.swift */,
				1D8479A31F82A84A00B3BBFB /* Utils.swift */,
				1E68EF96F1DE038FFF94FCD8 /* Constraint+Deadline.swift */,
				1E68E940C8373221E3EDC771 /* Constraint+Delay.swift */,
				1E68E82C1E071C7AA1AC4BB6 /* Constraint+Network.swift */,
				1E68E002DC39E9BBE4A0A06A /* Constraint+UniqueUUID.swift */,
				D0B7C4E41A1BF73329A7D03D /* JobInfo.swift */,
				D0B7CB3B79E039D3B11D8921 /* JobBuilder.swift */,
				D0B7CB571CECEEA34DD07398 /* SqOperationQueue.swift */,
				95A217FDB8197696002CE25C /* SwiftQueueLogger.swift */,
				95A21C01EDB773B7F17134AF /* Constraint+Charging.swift */,
				95A2169E6968B5F155D5B612 /* JobInfoSerializer+Decodable.swift */,
				95A210DDE517DF37DE5A7EC1 /* JobInfoSerializer+V1.swift */,
			);
			path = Sources;
			sourceTree = SOURCE_ROOT;
		};
		OBJ_9 /* Tests */ = {
			isa = PBXGroup;
			children = (
				OBJ_10 /* SwiftQueueTests */,
			);
			name = Tests;
			sourceTree = SOURCE_ROOT;
		};
/* End PBXGroup section */

/* Begin PBXNativeTarget section */
		B06405011FA04AA000086C69 /* SwiftQueue iOS */ = {
			isa = PBXNativeTarget;
			buildConfigurationList = B064050B1FA04AA000086C69 /* Build configuration list for PBXNativeTarget "SwiftQueue iOS" */;
			buildPhases = (
				B06405021FA04AA000086C69 /* Sources */,
				B064050A1FA04AA000086C69 /* Frameworks */,
			);
			buildRules = (
			);
			dependencies = (
			);
			name = "SwiftQueue iOS";
			productName = SwiftQueue;
			productReference = B064050E1FA04AA000086C69 /* SwiftQueue.framework */;
			productType = "com.apple.product-type.framework";
		};
		B06405101FA04AAC00086C69 /* SwiftQueue watchOS */ = {
			isa = PBXNativeTarget;
			buildConfigurationList = B064051A1FA04AAC00086C69 /* Build configuration list for PBXNativeTarget "SwiftQueue watchOS" */;
			buildPhases = (
				B06405111FA04AAC00086C69 /* Sources */,
				B06405191FA04AAC00086C69 /* Frameworks */,
			);
			buildRules = (
			);
			dependencies = (
			);
			name = "SwiftQueue watchOS";
			productName = SwiftQueue;
			productReference = B064051D1FA04AAC00086C69 /* SwiftQueue.framework */;
			productType = "com.apple.product-type.framework";
		};
		B064051F1FA04CCF00086C69 /* SwiftQueue tvOS */ = {
			isa = PBXNativeTarget;
			buildConfigurationList = B06405291FA04CCF00086C69 /* Build configuration list for PBXNativeTarget "SwiftQueue tvOS" */;
			buildPhases = (
				B06405201FA04CCF00086C69 /* Sources */,
				B06405281FA04CCF00086C69 /* Frameworks */,
			);
			buildRules = (
			);
			dependencies = (
			);
			name = "SwiftQueue tvOS";
			productName = SwiftQueue;
			productReference = B064052C1FA04CCF00086C69 /* SwiftQueue.framework */;
			productType = "com.apple.product-type.framework";
		};
		OBJ_15 /* SwiftQueue macOS */ = {
			isa = PBXNativeTarget;
			buildConfigurationList = OBJ_16 /* Build configuration list for PBXNativeTarget "SwiftQueue macOS" */;
			buildPhases = (
				OBJ_19 /* Sources */,
				OBJ_21 /* Frameworks */,
			);
			buildRules = (
			);
			dependencies = (
			);
			name = "SwiftQueue macOS";
			productName = SwiftQueue;
			productReference = OBJ_13 /* SwiftQueue.framework */;
			productType = "com.apple.product-type.framework";
		};
		OBJ_22 /* SwiftQueueTests */ = {
			isa = PBXNativeTarget;
			buildConfigurationList = OBJ_23 /* Build configuration list for PBXNativeTarget "SwiftQueueTests" */;
			buildPhases = (
				OBJ_26 /* Sources */,
				OBJ_28 /* Frameworks */,
			);
			buildRules = (
			);
			dependencies = (
				OBJ_30 /* PBXTargetDependency */,
			);
			name = SwiftQueueTests;
			productName = SwiftQueueTests;
			productReference = OBJ_14 /* SwiftQueueTests.xctest */;
			productType = "com.apple.product-type.bundle.unit-test";
		};
/* End PBXNativeTarget section */

/* Begin PBXProject section */
		OBJ_1 /* Project object */ = {
			isa = PBXProject;
			attributes = {
				LastUpgradeCheck = 0930;
			};
			buildConfigurationList = OBJ_2 /* Build configuration list for PBXProject "SwiftQueue" */;
			compatibilityVersion = "Xcode 3.2";
			developmentRegion = English;
			hasScannedForEncodings = 0;
			knownRegions = (
				en,
			);
			mainGroup = OBJ_5;
			productRefGroup = OBJ_12 /* Products */;
			projectDirPath = "";
			projectRoot = "";
			targets = (
				OBJ_15 /* SwiftQueue macOS */,
				B06405011FA04AA000086C69 /* SwiftQueue iOS */,
				B06405101FA04AAC00086C69 /* SwiftQueue watchOS */,
				B064051F1FA04CCF00086C69 /* SwiftQueue tvOS */,
				OBJ_22 /* SwiftQueueTests */,
			);
		};
/* End PBXProject section */

/* Begin PBXSourcesBuildPhase section */
		B06405021FA04AA000086C69 /* Sources */ = {
			isa = PBXSourcesBuildPhase;
			buildActionMask = 0;
			files = (
				B06405031FA04AA000086C69 /* UserDefaultsPersister.swift in Sources */,
				B06405041FA04AA000086C69 /* SwiftQueue.swift in Sources */,
				B06405061FA04AA000086C69 /* Constraint.swift in Sources */,
				B06405071FA04AA000086C69 /* Utils.swift in Sources */,
				B06405081FA04AA000086C69 /* SqOperation.swift in Sources */,
				B06405091FA04AA000086C69 /* SwiftQueueManager.swift in Sources */,
				1E68ED598FA15EF36B431571 /* Constraint+Deadline.swift in Sources */,
				1E68EDC2230D2FACC61E7868 /* Constraint+Delay.swift in Sources */,
				1E68E27E30C2ECBA84227438 /* Constraint+Network.swift in Sources */,
				1E68E0ABCE7FDC17AD665D7D /* Constraint+UniqueUUID.swift in Sources */,
				D0B7CC03343274087B4C7955 /* JobInfo.swift in Sources */,
				D0B7C8729FA2F6EF3A6C42F8 /* JobBuilder.swift in Sources */,
				D0B7C9AE1E4717DE474FD804 /* SqOperationQueue.swift in Sources */,
				95A21FA05AABFA4A59096E8E /* SwiftQueueLogger.swift in Sources */,
				95A21FA0723161F6908B133B /* Constraint+Charging.swift in Sources */,
				95A21B7D3F013BAF87216CF0 /* JobInfoSerializer+Decodable.swift in Sources */,
				95A215B786349300D06194AF /* JobInfoSerializer+V1.swift in Sources */,
			);
			runOnlyForDeploymentPostprocessing = 0;
		};
		B06405111FA04AAC00086C69 /* Sources */ = {
			isa = PBXSourcesBuildPhase;
			buildActionMask = 0;
			files = (
				B06405121FA04AAC00086C69 /* UserDefaultsPersister.swift in Sources */,
				B06405131FA04AAC00086C69 /* SwiftQueue.swift in Sources */,
				B06405151FA04AAC00086C69 /* Constraint.swift in Sources */,
				B06405161FA04AAC00086C69 /* Utils.swift in Sources */,
				B06405171FA04AAC00086C69 /* SqOperation.swift in Sources */,
				B06405181FA04AAC00086C69 /* SwiftQueueManager.swift in Sources */,
				1E68EA78A2D5CF807765CF75 /* Constraint+Deadline.swift in Sources */,
				1E68E50072A5A3975890B1C5 /* Constraint+Delay.swift in Sources */,
				1E68E6C0E0677240BAE94396 /* Constraint+Network.swift in Sources */,
				1E68EE914B5B51CDB2BD7C4D /* Constraint+UniqueUUID.swift in Sources */,
				D0B7C0848D0FF83C8B04EBB6 /* JobInfo.swift in Sources */,
				D0B7CFA2089DFF576E0D765B /* JobBuilder.swift in Sources */,
				D0B7C2F3F465996A939596F7 /* SqOperationQueue.swift in Sources */,
				95A21576964E9A1FE1EDC5DB /* SwiftQueueLogger.swift in Sources */,
				95A21AA01272F46BD1A095A9 /* Constraint+Charging.swift in Sources */,
				95A2171B6C37518D0DCD3D5D /* JobInfoSerializer+Decodable.swift in Sources */,
				95A21C3EDEB17572B42263F9 /* JobInfoSerializer+V1.swift in Sources */,
			);
			runOnlyForDeploymentPostprocessing = 0;
		};
		B06405201FA04CCF00086C69 /* Sources */ = {
			isa = PBXSourcesBuildPhase;
			buildActionMask = 0;
			files = (
				B06405211FA04CCF00086C69 /* UserDefaultsPersister.swift in Sources */,
				B06405221FA04CCF00086C69 /* SwiftQueue.swift in Sources */,
				B06405241FA04CCF00086C69 /* Constraint.swift in Sources */,
				B06405251FA04CCF00086C69 /* Utils.swift in Sources */,
				B06405261FA04CCF00086C69 /* SqOperation.swift in Sources */,
				B06405271FA04CCF00086C69 /* SwiftQueueManager.swift in Sources */,
				1E68E8801255D163804FD66C /* Constraint+Deadline.swift in Sources */,
				1E68E5571363098B08B6B7AC /* Constraint+Delay.swift in Sources */,
				1E68E4E7E82AA3F923E506ED /* Constraint+Network.swift in Sources */,
				1E68E3E5B1F435F4BA6F7A45 /* Constraint+UniqueUUID.swift in Sources */,
				D0B7CC89D901F6C8AD2666D9 /* JobInfo.swift in Sources */,
				D0B7C6B8833437575C438715 /* JobBuilder.swift in Sources */,
				D0B7C276BFD64AF0EA757C55 /* SqOperationQueue.swift in Sources */,
				95A21B708B2910C7CF8BD39D /* SwiftQueueLogger.swift in Sources */,
				95A2142AD4929198F8C2534D /* Constraint+Charging.swift in Sources */,
				95A21D7F9EA08E843CB77B73 /* JobInfoSerializer+Decodable.swift in Sources */,
				95A213CFEA10D6FD5672A64A /* JobInfoSerializer+V1.swift in Sources */,
			);
			runOnlyForDeploymentPostprocessing = 0;
		};
		OBJ_19 /* Sources */ = {
			isa = PBXSourcesBuildPhase;
			buildActionMask = 0;
			files = (
				1D8479A81F82A84B00B3BBFB /* UserDefaultsPersister.swift in Sources */,
				1D8479A91F82A84B00B3BBFB /* SwiftQueue.swift in Sources */,
				1D8479AD1F82A84B00B3BBFB /* Constraint.swift in Sources */,
				1D8479AA1F82A84B00B3BBFB /* Utils.swift in Sources */,
				1D8479AB1F82A84B00B3BBFB /* SqOperation.swift in Sources */,
				1D8479AC1F82A84B00B3BBFB /* SwiftQueueManager.swift in Sources */,
				1E68EB2E5C2B18444083FC37 /* Constraint+Deadline.swift in Sources */,
				1E68E3EBCA9E8C864968B6DB /* Constraint+Delay.swift in Sources */,
				1E68E40BB6FB2BCA442AF263 /* Constraint+Network.swift in Sources */,
				1E68E727B0ED1A76491D4BAB /* Constraint+UniqueUUID.swift in Sources */,
				D0B7C996BDB2A748B6B8843A /* JobInfo.swift in Sources */,
				D0B7C437539F0BEE35FBE8F0 /* JobBuilder.swift in Sources */,
				D0B7CD1E797A69C89CB0ADE2 /* SqOperationQueue.swift in Sources */,
				95A210264F99EAC94629D786 /* SwiftQueueLogger.swift in Sources */,
				95A215E3804561CFBDE4EAB1 /* Constraint+Charging.swift in Sources */,
				95A21CA23302F5A747C56040 /* JobInfoSerializer+Decodable.swift in Sources */,
				95A2187C9276ED640CDADEEF /* JobInfoSerializer+V1.swift in Sources */,
			);
			runOnlyForDeploymentPostprocessing = 0;
		};
		OBJ_26 /* Sources */ = {
			isa = PBXSourcesBuildPhase;
			buildActionMask = 0;
			files = (
				1D7B3D361F5C1EDC000D49B6 /* StartStopTests.swift in Sources */,
				OBJ_27 /* SwiftQueueTests.swift in Sources */,
				1D7B3D391F5C1EE4000D49B6 /* TestUtils.swift in Sources */,
				1D7B3D371F5C1EDE000D49B6 /* ConstraintTests.swift in Sources */,
				D0B7C94CAD20ADBB67BE5192 /* SwiftQueueBuilderTests.swift in Sources */,
				D0B7CE62CE9A0DB7DF08FB57 /* ConstraintUniqueUUIDTests.swift in Sources */,
				D0B7C50629CD1E0F8F40E7F3 /* ConstraintNetworkTests.swift in Sources */,
				D0B7C9B78BFACD1BEDA4D42E /* PersisterTests.swift in Sources */,
				D0B7C6C3E08DF6BFD0737E4D /* ConstraintDeadlineTests.swift in Sources */,
				95A214C332FB7115C12F88D2 /* LoggerTests.swift in Sources */,
			);
			runOnlyForDeploymentPostprocessing = 0;
		};
/* End PBXSourcesBuildPhase section */

/* Begin PBXTargetDependency section */
		OBJ_30 /* PBXTargetDependency */ = {
			isa = PBXTargetDependency;
			target = OBJ_15 /* SwiftQueue macOS */;
			targetProxy = 1D7B3D211F5C1EAF000D49B6 /* PBXContainerItemProxy */;
		};
/* End PBXTargetDependency section */

/* Begin XCBuildConfiguration section */
		B064050C1FA04AA000086C69 /* Debug */ = {
			isa = XCBuildConfiguration;
			buildSettings = {
				ENABLE_TESTABILITY = YES;
				FRAMEWORK_SEARCH_PATHS = (
					"$(inherited)",
					"$(PLATFORM_DIR)/Developer/Library/Frameworks",
					"$(PROJECT_DIR)/Carthage/Build/iOS",
				);
				HEADER_SEARCH_PATHS = "$(inherited)";
				INFOPLIST_FILE = SwiftQueue.xcodeproj/SwiftQueue_Info.plist;
				LD_RUNPATH_SEARCH_PATHS = "$(TOOLCHAIN_DIR)/usr/lib/swift/ios $(PROJECT_DIR)/Carthage/Build/iOS";
				OTHER_LDFLAGS = "$(inherited)";
				OTHER_SWIFT_FLAGS = "$(inherited)";
				PRODUCT_BUNDLE_IDENTIFIER = SwiftQueue;
				PRODUCT_MODULE_NAME = "$(TARGET_NAME:c99extidentifier)";
				PRODUCT_NAME = "$(TARGET_NAME)";
				SDKROOT = iphoneos;
				SKIP_INSTALL = YES;
				SUPPORTED_PLATFORMS = "iphonesimulator iphoneos";
				SWIFT_VERSION = 4.0;
				TARGET_NAME = SwiftQueue;
			};
			name = Debug;
		};
		B064050D1FA04AA000086C69 /* Release */ = {
			isa = XCBuildConfiguration;
			buildSettings = {
				ENABLE_TESTABILITY = YES;
				FRAMEWORK_SEARCH_PATHS = (
					"$(inherited)",
					"$(PLATFORM_DIR)/Developer/Library/Frameworks",
					"$(PROJECT_DIR)/Carthage/Build/iOS",
				);
				HEADER_SEARCH_PATHS = "$(inherited)";
				INFOPLIST_FILE = SwiftQueue.xcodeproj/SwiftQueue_Info.plist;
				LD_RUNPATH_SEARCH_PATHS = "$(TOOLCHAIN_DIR)/usr/lib/swift/ios $(PROJECT_DIR)/Carthage/Build/iOS";
				OTHER_LDFLAGS = "$(inherited)";
				OTHER_SWIFT_FLAGS = "$(inherited)";
				PRODUCT_BUNDLE_IDENTIFIER = SwiftQueue;
				PRODUCT_MODULE_NAME = "$(TARGET_NAME:c99extidentifier)";
				PRODUCT_NAME = "$(TARGET_NAME)";
				SDKROOT = iphoneos;
				SKIP_INSTALL = YES;
				SUPPORTED_PLATFORMS = "iphonesimulator iphoneos";
				SWIFT_VERSION = 4.0;
				TARGET_NAME = SwiftQueue;
			};
			name = Release;
		};
		B064051B1FA04AAC00086C69 /* Debug */ = {
			isa = XCBuildConfiguration;
			buildSettings = {
				ENABLE_TESTABILITY = YES;
				FRAMEWORK_SEARCH_PATHS = (
					"$(inherited)",
					"$(PLATFORM_DIR)/Developer/Library/Frameworks",
					"$(PROJECT_DIR)/Carthage/Build/watchOS",
				);
				HEADER_SEARCH_PATHS = "$(inherited)";
				INFOPLIST_FILE = SwiftQueue.xcodeproj/SwiftQueue_Info.plist;
				LD_RUNPATH_SEARCH_PATHS = "$(TOOLCHAIN_DIR)/usr/lib/swift/macosx $(PROJECT_DIR)/Carthage/Build/watchOS";
				OTHER_LDFLAGS = "$(inherited)";
				OTHER_SWIFT_FLAGS = "$(inherited)";
				PRODUCT_BUNDLE_IDENTIFIER = SwiftQueue;
				PRODUCT_MODULE_NAME = "$(TARGET_NAME:c99extidentifier)";
				PRODUCT_NAME = "$(TARGET_NAME)";
				SKIP_INSTALL = YES;
				SUPPORTED_PLATFORMS = "watchsimulator watchos";
				TARGET_NAME = SwiftQueue;
			};
			name = Debug;
		};
		B064051C1FA04AAC00086C69 /* Release */ = {
			isa = XCBuildConfiguration;
			buildSettings = {
				ENABLE_TESTABILITY = YES;
				FRAMEWORK_SEARCH_PATHS = (
					"$(inherited)",
					"$(PLATFORM_DIR)/Developer/Library/Frameworks",
					"$(PROJECT_DIR)/Carthage/Build/watchOS",
				);
				HEADER_SEARCH_PATHS = "$(inherited)";
				INFOPLIST_FILE = SwiftQueue.xcodeproj/SwiftQueue_Info.plist;
				LD_RUNPATH_SEARCH_PATHS = "$(TOOLCHAIN_DIR)/usr/lib/swift/macosx $(PROJECT_DIR)/Carthage/Build/watchOS";
				OTHER_LDFLAGS = "$(inherited)";
				OTHER_SWIFT_FLAGS = "$(inherited)";
				PRODUCT_BUNDLE_IDENTIFIER = SwiftQueue;
				PRODUCT_MODULE_NAME = "$(TARGET_NAME:c99extidentifier)";
				PRODUCT_NAME = "$(TARGET_NAME)";
				SKIP_INSTALL = YES;
				SUPPORTED_PLATFORMS = "watchsimulator watchos";
				TARGET_NAME = SwiftQueue;
			};
			name = Release;
		};
		B064052A1FA04CCF00086C69 /* Debug */ = {
			isa = XCBuildConfiguration;
			buildSettings = {
				ENABLE_TESTABILITY = YES;
				FRAMEWORK_SEARCH_PATHS = (
					"$(inherited)",
					"$(PLATFORM_DIR)/Developer/Library/Frameworks",
					"$(PROJECT_DIR)/Carthage/Build/tvOS",
				);
				HEADER_SEARCH_PATHS = "$(inherited)";
				INFOPLIST_FILE = SwiftQueue.xcodeproj/SwiftQueue_Info.plist;
				LD_RUNPATH_SEARCH_PATHS = "$(TOOLCHAIN_DIR)/usr/lib/swift/tvOS $(PROJECT_DIR)/Carthage/Build/tvOS";
				OTHER_LDFLAGS = "$(inherited)";
				OTHER_SWIFT_FLAGS = "$(inherited)";
				PRODUCT_BUNDLE_IDENTIFIER = SwiftQueue;
				PRODUCT_MODULE_NAME = "$(TARGET_NAME:c99extidentifier)";
				PRODUCT_NAME = "$(TARGET_NAME)";
				SKIP_INSTALL = YES;
				SUPPORTED_PLATFORMS = "appletvsimulator appletvos";
				TARGET_NAME = SwiftQueue;
			};
			name = Debug;
		};
		B064052B1FA04CCF00086C69 /* Release */ = {
			isa = XCBuildConfiguration;
			buildSettings = {
				ENABLE_TESTABILITY = YES;
				FRAMEWORK_SEARCH_PATHS = (
					"$(inherited)",
					"$(PLATFORM_DIR)/Developer/Library/Frameworks",
					"$(PROJECT_DIR)/Carthage/Build/tvOS",
				);
				HEADER_SEARCH_PATHS = "$(inherited)";
				INFOPLIST_FILE = SwiftQueue.xcodeproj/SwiftQueue_Info.plist;
				LD_RUNPATH_SEARCH_PATHS = "$(TOOLCHAIN_DIR)/usr/lib/swift/tvOS $(PROJECT_DIR)/Carthage/Build/tvOS";
				OTHER_LDFLAGS = "$(inherited)";
				OTHER_SWIFT_FLAGS = "$(inherited)";
				PRODUCT_BUNDLE_IDENTIFIER = SwiftQueue;
				PRODUCT_MODULE_NAME = "$(TARGET_NAME:c99extidentifier)";
				PRODUCT_NAME = "$(TARGET_NAME)";
				SKIP_INSTALL = YES;
				SUPPORTED_PLATFORMS = "appletvsimulator appletvos";
				TARGET_NAME = SwiftQueue;
			};
			name = Release;
		};
		OBJ_17 /* Debug */ = {
			isa = XCBuildConfiguration;
			buildSettings = {
				ENABLE_TESTABILITY = YES;
				FRAMEWORK_SEARCH_PATHS = (
					"$(inherited)",
					"$(PLATFORM_DIR)/Developer/Library/Frameworks",
					"$(PROJECT_DIR)/Carthage/Build/Mac",
				);
				HEADER_SEARCH_PATHS = "$(inherited)";
				INFOPLIST_FILE = SwiftQueue.xcodeproj/SwiftQueue_Info.plist;
				LD_RUNPATH_SEARCH_PATHS = "$(TOOLCHAIN_DIR)/usr/lib/swift/macosx $(PROJECT_DIR)/Carthage/Build/Mac";
				OTHER_LDFLAGS = "$(inherited)";
				OTHER_SWIFT_FLAGS = "$(inherited)";
				PRODUCT_BUNDLE_IDENTIFIER = SwiftQueue;
				PRODUCT_MODULE_NAME = "$(TARGET_NAME:c99extidentifier)";
				PRODUCT_NAME = "$(TARGET_NAME:c99extidentifier)";
				SKIP_INSTALL = YES;
				SUPPORTED_PLATFORMS = macosx;
				SWIFT_VERSION = 4.0;
				TARGET_NAME = SwiftQueue;
			};
			name = Debug;
		};
		OBJ_18 /* Release */ = {
			isa = XCBuildConfiguration;
			buildSettings = {
				ENABLE_TESTABILITY = YES;
				FRAMEWORK_SEARCH_PATHS = (
					"$(inherited)",
					"$(PLATFORM_DIR)/Developer/Library/Frameworks",
					"$(PROJECT_DIR)/Carthage/Build/Mac",
				);
				HEADER_SEARCH_PATHS = "$(inherited)";
				INFOPLIST_FILE = SwiftQueue.xcodeproj/SwiftQueue_Info.plist;
				LD_RUNPATH_SEARCH_PATHS = "$(TOOLCHAIN_DIR)/usr/lib/swift/macosx $(PROJECT_DIR)/Carthage/Build/Mac";
				OTHER_LDFLAGS = "$(inherited)";
				OTHER_SWIFT_FLAGS = "$(inherited)";
				PRODUCT_BUNDLE_IDENTIFIER = SwiftQueue;
				PRODUCT_MODULE_NAME = "$(TARGET_NAME:c99extidentifier)";
				PRODUCT_NAME = "$(TARGET_NAME:c99extidentifier)";
				SKIP_INSTALL = YES;
				SUPPORTED_PLATFORMS = macosx;
				SWIFT_VERSION = 4.0;
				TARGET_NAME = SwiftQueue;
			};
			name = Release;
		};
		OBJ_24 /* Debug */ = {
			isa = XCBuildConfiguration;
			buildSettings = {
				ALWAYS_EMBED_SWIFT_STANDARD_LIBRARIES = YES;
				FRAMEWORK_SEARCH_PATHS = (
					"$(inherited)",
					"$(PLATFORM_DIR)/Developer/Library/Frameworks",
					"$(PROJECT_DIR)/Carthage/Build/Mac",
				);
				HEADER_SEARCH_PATHS = "$(inherited)";
				INFOPLIST_FILE = SwiftQueue.xcodeproj/SwiftQueueTests_Info.plist;
				LD_RUNPATH_SEARCH_PATHS = "@loader_path/../Frameworks @loader_path/Frameworks $(PROJECT_DIR)/Carthage/build/Mac";
				OTHER_LDFLAGS = "$(inherited)";
				OTHER_SWIFT_FLAGS = "$(inherited)";
				TARGET_NAME = SwiftQueueTests;
			};
			name = Debug;
		};
		OBJ_25 /* Release */ = {
			isa = XCBuildConfiguration;
			buildSettings = {
				ALWAYS_EMBED_SWIFT_STANDARD_LIBRARIES = YES;
				FRAMEWORK_SEARCH_PATHS = (
					"$(inherited)",
					"$(PLATFORM_DIR)/Developer/Library/Frameworks",
					"$(PROJECT_DIR)/Carthage/Build/Mac",
				);
				HEADER_SEARCH_PATHS = "$(inherited)";
				INFOPLIST_FILE = SwiftQueue.xcodeproj/SwiftQueueTests_Info.plist;
				LD_RUNPATH_SEARCH_PATHS = "@loader_path/../Frameworks @loader_path/Frameworks $(PROJECT_DIR)/Carthage/build/Mac";
				OTHER_LDFLAGS = "$(inherited)";
				OTHER_SWIFT_FLAGS = "$(inherited)";
				TARGET_NAME = SwiftQueueTests;
			};
			name = Release;
		};
		OBJ_3 /* Debug */ = {
			isa = XCBuildConfiguration;
			buildSettings = {
				CLANG_ENABLE_OBJC_ARC = YES;
				CLANG_WARN_BLOCK_CAPTURE_AUTORELEASING = YES;
				CLANG_WARN_BOOL_CONVERSION = YES;
				CLANG_WARN_COMMA = YES;
				CLANG_WARN_CONSTANT_CONVERSION = YES;
				CLANG_WARN_DEPRECATED_OBJC_IMPLEMENTATIONS = YES;
				CLANG_WARN_EMPTY_BODY = YES;
				CLANG_WARN_ENUM_CONVERSION = YES;
				CLANG_WARN_INFINITE_RECURSION = YES;
				CLANG_WARN_INT_CONVERSION = YES;
				CLANG_WARN_NON_LITERAL_NULL_CONVERSION = YES;
				CLANG_WARN_OBJC_IMPLICIT_RETAIN_SELF = YES;
				CLANG_WARN_OBJC_LITERAL_CONVERSION = YES;
				CLANG_WARN_RANGE_LOOP_ANALYSIS = YES;
				CLANG_WARN_STRICT_PROTOTYPES = YES;
				CLANG_WARN_SUSPICIOUS_MOVE = YES;
				CLANG_WARN_UNREACHABLE_CODE = YES;
				CLANG_WARN__DUPLICATE_METHOD_MATCH = YES;
				COMBINE_HIDPI_IMAGES = YES;
				COPY_PHASE_STRIP = NO;
				DEBUG_INFORMATION_FORMAT = dwarf;
				DYLIB_INSTALL_NAME_BASE = "@rpath";
				ENABLE_NS_ASSERTIONS = YES;
				ENABLE_STRICT_OBJC_MSGSEND = YES;
				ENABLE_TESTABILITY = YES;
				GCC_NO_COMMON_BLOCKS = YES;
				GCC_OPTIMIZATION_LEVEL = 0;
				GCC_WARN_64_TO_32_BIT_CONVERSION = YES;
				GCC_WARN_ABOUT_RETURN_TYPE = YES;
				GCC_WARN_UNDECLARED_SELECTOR = YES;
				GCC_WARN_UNINITIALIZED_AUTOS = YES;
				GCC_WARN_UNUSED_FUNCTION = YES;
				GCC_WARN_UNUSED_VARIABLE = YES;
				IPHONEOS_DEPLOYMENT_TARGET = 8.0;
				MACOSX_DEPLOYMENT_TARGET = 10.10;
				ONLY_ACTIVE_ARCH = YES;
				OTHER_SWIFT_FLAGS = "-DXcode";
				PRODUCT_NAME = "$(TARGET_NAME)";
				SDKROOT = macosx;
				SUPPORTED_PLATFORMS = "macosx iphoneos iphonesimulator appletvos appletvsimulator watchos watchsimulator";
				SWIFT_ACTIVE_COMPILATION_CONDITIONS = SWIFT_PACKAGE;
				SWIFT_OPTIMIZATION_LEVEL = "-Onone";
				SWIFT_VERSION = 4.0;
				TVOS_DEPLOYMENT_TARGET = 9.0;
				USE_HEADERMAP = NO;
				WATCHOS_DEPLOYMENT_TARGET = 2.0;
			};
			name = Debug;
		};
		OBJ_4 /* Release */ = {
			isa = XCBuildConfiguration;
			buildSettings = {
				CLANG_ENABLE_OBJC_ARC = YES;
				CLANG_WARN_BLOCK_CAPTURE_AUTORELEASING = YES;
				CLANG_WARN_BOOL_CONVERSION = YES;
				CLANG_WARN_COMMA = YES;
				CLANG_WARN_CONSTANT_CONVERSION = YES;
				CLANG_WARN_DEPRECATED_OBJC_IMPLEMENTATIONS = YES;
				CLANG_WARN_EMPTY_BODY = YES;
				CLANG_WARN_ENUM_CONVERSION = YES;
				CLANG_WARN_INFINITE_RECURSION = YES;
				CLANG_WARN_INT_CONVERSION = YES;
				CLANG_WARN_NON_LITERAL_NULL_CONVERSION = YES;
				CLANG_WARN_OBJC_IMPLICIT_RETAIN_SELF = YES;
				CLANG_WARN_OBJC_LITERAL_CONVERSION = YES;
				CLANG_WARN_RANGE_LOOP_ANALYSIS = YES;
				CLANG_WARN_STRICT_PROTOTYPES = YES;
				CLANG_WARN_SUSPICIOUS_MOVE = YES;
				CLANG_WARN_UNREACHABLE_CODE = YES;
				CLANG_WARN__DUPLICATE_METHOD_MATCH = YES;
				COMBINE_HIDPI_IMAGES = YES;
				COPY_PHASE_STRIP = YES;
				DEBUG_INFORMATION_FORMAT = "dwarf-with-dsym";
				DYLIB_INSTALL_NAME_BASE = "@rpath";
				ENABLE_STRICT_OBJC_MSGSEND = YES;
				GCC_NO_COMMON_BLOCKS = YES;
				GCC_OPTIMIZATION_LEVEL = s;
				GCC_WARN_64_TO_32_BIT_CONVERSION = YES;
				GCC_WARN_ABOUT_RETURN_TYPE = YES;
				GCC_WARN_UNDECLARED_SELECTOR = YES;
				GCC_WARN_UNINITIALIZED_AUTOS = YES;
				GCC_WARN_UNUSED_FUNCTION = YES;
				GCC_WARN_UNUSED_VARIABLE = YES;
				IPHONEOS_DEPLOYMENT_TARGET = 8.0;
				MACOSX_DEPLOYMENT_TARGET = 10.10;
				OTHER_SWIFT_FLAGS = "-DXcode";
				PRODUCT_NAME = "$(TARGET_NAME)";
				SDKROOT = macosx;
				SUPPORTED_PLATFORMS = "macosx iphoneos iphonesimulator appletvos appletvsimulator watchos watchsimulator";
				SWIFT_ACTIVE_COMPILATION_CONDITIONS = SWIFT_PACKAGE;
				SWIFT_OPTIMIZATION_LEVEL = "-Owholemodule";
				SWIFT_VERSION = 4.0;
				TVOS_DEPLOYMENT_TARGET = 9.0;
				USE_HEADERMAP = NO;
				WATCHOS_DEPLOYMENT_TARGET = 2.0;
			};
			name = Release;
		};
/* End XCBuildConfiguration section */

/* Begin XCConfigurationList section */
		B064050B1FA04AA000086C69 /* Build configuration list for PBXNativeTarget "SwiftQueue iOS" */ = {
			isa = XCConfigurationList;
			buildConfigurations = (
				B064050C1FA04AA000086C69 /* Debug */,
				B064050D1FA04AA000086C69 /* Release */,
			);
			defaultConfigurationIsVisible = 0;
			defaultConfigurationName = Debug;
		};
		B064051A1FA04AAC00086C69 /* Build configuration list for PBXNativeTarget "SwiftQueue watchOS" */ = {
			isa = XCConfigurationList;
			buildConfigurations = (
				B064051B1FA04AAC00086C69 /* Debug */,
				B064051C1FA04AAC00086C69 /* Release */,
			);
			defaultConfigurationIsVisible = 0;
			defaultConfigurationName = Debug;
		};
		B06405291FA04CCF00086C69 /* Build configuration list for PBXNativeTarget "SwiftQueue tvOS" */ = {
			isa = XCConfigurationList;
			buildConfigurations = (
				B064052A1FA04CCF00086C69 /* Debug */,
				B064052B1FA04CCF00086C69 /* Release */,
			);
			defaultConfigurationIsVisible = 0;
			defaultConfigurationName = Debug;
		};
		OBJ_16 /* Build configuration list for PBXNativeTarget "SwiftQueue macOS" */ = {
			isa = XCConfigurationList;
			buildConfigurations = (
				OBJ_17 /* Debug */,
				OBJ_18 /* Release */,
			);
			defaultConfigurationIsVisible = 0;
			defaultConfigurationName = Debug;
		};
		OBJ_2 /* Build configuration list for PBXProject "SwiftQueue" */ = {
			isa = XCConfigurationList;
			buildConfigurations = (
				OBJ_3 /* Debug */,
				OBJ_4 /* Release */,
			);
			defaultConfigurationIsVisible = 0;
			defaultConfigurationName = Debug;
		};
		OBJ_23 /* Build configuration list for PBXNativeTarget "SwiftQueueTests" */ = {
			isa = XCConfigurationList;
			buildConfigurations = (
				OBJ_24 /* Debug */,
				OBJ_25 /* Release */,
			);
			defaultConfigurationIsVisible = 0;
			defaultConfigurationName = Debug;
		};
/* End XCConfigurationList section */
	};
	rootObject = OBJ_1 /* Project object */;
}
