// !$*UTF8*$!
{
	archiveVersion = 1;
	classes = {
	};
	objectVersion = 46;
	objects = {

/* Begin PBXBuildFile section */
		0BF30F19CA8452A41B1C0890 /* Pods_SwiftQueueTests.framework in Frameworks */ = {isa = PBXBuildFile; fileRef = D0C1BF8D9DF6AC61D0514F17 /* Pods_SwiftQueueTests.framework */; };
		B02ADA681F3D80DD00E04A95 /* SwiftQueue.framework in Frameworks */ = {isa = PBXBuildFile; fileRef = B02ADA5E1F3D80DD00E04A95 /* SwiftQueue.framework */; };
		B02ADA6D1F3D80DD00E04A95 /* SwiftQueueTests.swift in Sources */ = {isa = PBXBuildFile; fileRef = B02ADA6C1F3D80DD00E04A95 /* SwiftQueueTests.swift */; };
		B02ADA6F1F3D80DD00E04A95 /* SwiftQueue.h in Headers */ = {isa = PBXBuildFile; fileRef = B02ADA611F3D80DD00E04A95 /* SwiftQueue.h */; settings = {ATTRIBUTES = (Public, ); }; };
		B02ADA7D1F3D839200E04A95 /* Constraints.swift in Sources */ = {isa = PBXBuildFile; fileRef = B02ADA781F3D839200E04A95 /* Constraints.swift */; };
		B02ADA7E1F3D839200E04A95 /* Job.swift in Sources */ = {isa = PBXBuildFile; fileRef = B02ADA791F3D839200E04A95 /* Job.swift */; };
		B02ADA7F1F3D839200E04A95 /* SwiftQueue.swift in Sources */ = {isa = PBXBuildFile; fileRef = B02ADA7A1F3D839200E04A95 /* SwiftQueue.swift */; };
		B02ADA801F3D839200E04A95 /* JobTask.swift in Sources */ = {isa = PBXBuildFile; fileRef = B02ADA7B1F3D839200E04A95 /* JobTask.swift */; };
		B02ADA811F3D839200E04A95 /* Utils.swift in Sources */ = {isa = PBXBuildFile; fileRef = B02ADA7C1F3D839200E04A95 /* Utils.swift */; };
		CF8E8786256500BE5F38B99C /* Pods_SwiftQueue.framework in Frameworks */ = {isa = PBXBuildFile; fileRef = 2D2699F05A7071DC62800CA0 /* Pods_SwiftQueue.framework */; };
		D0B7C476CF7FB5D47A93773E /* UserDefaultsPerisister.swift in Sources */ = {isa = PBXBuildFile; fileRef = D0B7C4FD1D52ED28898EB8E8 /* UserDefaultsPerisister.swift */; };
		D0B7C6C482E2436308F7BCF3 /* ConstraintTests.swift in Sources */ = {isa = PBXBuildFile; fileRef = D0B7C639E1B939F6FC1DD50E /* ConstraintTests.swift */; };
		D0B7C78AC61DA424381B5DE7 /* TestUtils.swift in Sources */ = {isa = PBXBuildFile; fileRef = D0B7C958D8ACA6DC944523AD /* TestUtils.swift */; };
/* End PBXBuildFile section */

/* Begin PBXContainerItemProxy section */
		B02ADA691F3D80DD00E04A95 /* PBXContainerItemProxy */ = {
			isa = PBXContainerItemProxy;
			containerPortal = B02ADA551F3D80DD00E04A95 /* Project object */;
			proxyType = 1;
			remoteGlobalIDString = B02ADA5D1F3D80DD00E04A95;
			remoteInfo = SwiftQueue;
		};
/* End PBXContainerItemProxy section */

/* Begin PBXFileReference section */
		2D2699F05A7071DC62800CA0 /* Pods_SwiftQueue.framework */ = {isa = PBXFileReference; explicitFileType = wrapper.framework; includeInIndex = 0; path = Pods_SwiftQueue.framework; sourceTree = BUILT_PRODUCTS_DIR; };
		A2D4A03944081800720A3B8F /* Pods-SwiftQueueTests.debug.xcconfig */ = {isa = PBXFileReference; includeInIndex = 1; lastKnownFileType = text.xcconfig; name = "Pods-SwiftQueueTests.debug.xcconfig"; path = "Pods/Target Support Files/Pods-SwiftQueueTests/Pods-SwiftQueueTests.debug.xcconfig"; sourceTree = "<group>"; };
		B02ADA5E1F3D80DD00E04A95 /* SwiftQueue.framework */ = {isa = PBXFileReference; explicitFileType = wrapper.framework; includeInIndex = 0; path = SwiftQueue.framework; sourceTree = BUILT_PRODUCTS_DIR; };
		B02ADA611F3D80DD00E04A95 /* SwiftQueue.h */ = {isa = PBXFileReference; lastKnownFileType = sourcecode.c.h; path = SwiftQueue.h; sourceTree = "<group>"; };
		B02ADA621F3D80DD00E04A95 /* Info.plist */ = {isa = PBXFileReference; lastKnownFileType = text.plist.xml; path = Info.plist; sourceTree = "<group>"; };
		B02ADA671F3D80DD00E04A95 /* SwiftQueueTests.xctest */ = {isa = PBXFileReference; explicitFileType = wrapper.cfbundle; includeInIndex = 0; path = SwiftQueueTests.xctest; sourceTree = BUILT_PRODUCTS_DIR; };
		B02ADA6C1F3D80DD00E04A95 /* SwiftQueueTests.swift */ = {isa = PBXFileReference; lastKnownFileType = sourcecode.swift; path = SwiftQueueTests.swift; sourceTree = "<group>"; };
		B02ADA6E1F3D80DD00E04A95 /* Info.plist */ = {isa = PBXFileReference; lastKnownFileType = text.plist.xml; path = Info.plist; sourceTree = "<group>"; };
		B02ADA781F3D839200E04A95 /* Constraints.swift */ = {isa = PBXFileReference; fileEncoding = 4; lastKnownFileType = sourcecode.swift; path = Constraints.swift; sourceTree = "<group>"; };
		B02ADA791F3D839200E04A95 /* Job.swift */ = {isa = PBXFileReference; fileEncoding = 4; lastKnownFileType = sourcecode.swift; path = Job.swift; sourceTree = "<group>"; };
		B02ADA7A1F3D839200E04A95 /* SwiftQueue.swift */ = {isa = PBXFileReference; fileEncoding = 4; lastKnownFileType = sourcecode.swift; path = SwiftQueue.swift; sourceTree = "<group>"; };
		B02ADA7B1F3D839200E04A95 /* JobTask.swift */ = {isa = PBXFileReference; fileEncoding = 4; lastKnownFileType = sourcecode.swift; path = JobTask.swift; sourceTree = "<group>"; };
		B02ADA7C1F3D839200E04A95 /* Utils.swift */ = {isa = PBXFileReference; fileEncoding = 4; lastKnownFileType = sourcecode.swift; path = Utils.swift; sourceTree = "<group>"; };
		CA2A21C16D2CF8639C95000B /* Pods-SwiftQueue.release.xcconfig */ = {isa = PBXFileReference; includeInIndex = 1; lastKnownFileType = text.xcconfig; name = "Pods-SwiftQueue.release.xcconfig"; path = "Pods/Target Support Files/Pods-SwiftQueue/Pods-SwiftQueue.release.xcconfig"; sourceTree = "<group>"; };
		D0B7C4FD1D52ED28898EB8E8 /* UserDefaultsPerisister.swift */ = {isa = PBXFileReference; fileEncoding = 4; lastKnownFileType = sourcecode.swift; path = UserDefaultsPerisister.swift; sourceTree = "<group>"; };
		D0B7C639E1B939F6FC1DD50E /* ConstraintTests.swift */ = {isa = PBXFileReference; fileEncoding = 4; lastKnownFileType = sourcecode.swift; path = ConstraintTests.swift; sourceTree = "<group>"; };
		D0B7C958D8ACA6DC944523AD /* TestUtils.swift */ = {isa = PBXFileReference; fileEncoding = 4; lastKnownFileType = sourcecode.swift; path = TestUtils.swift; sourceTree = "<group>"; };
		D0C1BF8D9DF6AC61D0514F17 /* Pods_SwiftQueueTests.framework */ = {isa = PBXFileReference; explicitFileType = wrapper.framework; includeInIndex = 0; path = Pods_SwiftQueueTests.framework; sourceTree = BUILT_PRODUCTS_DIR; };
		EB0CA719EAEC754EA551E467 /* Pods-SwiftQueue.debug.xcconfig */ = {isa = PBXFileReference; includeInIndex = 1; lastKnownFileType = text.xcconfig; name = "Pods-SwiftQueue.debug.xcconfig"; path = "Pods/Target Support Files/Pods-SwiftQueue/Pods-SwiftQueue.debug.xcconfig"; sourceTree = "<group>"; };
		F66345E2FAC4C93CD099A3FB /* Pods-SwiftQueueTests.release.xcconfig */ = {isa = PBXFileReference; includeInIndex = 1; lastKnownFileType = text.xcconfig; name = "Pods-SwiftQueueTests.release.xcconfig"; path = "Pods/Target Support Files/Pods-SwiftQueueTests/Pods-SwiftQueueTests.release.xcconfig"; sourceTree = "<group>"; };
/* End PBXFileReference section */

/* Begin PBXFrameworksBuildPhase section */
		B02ADA5A1F3D80DD00E04A95 /* Frameworks */ = {
			isa = PBXFrameworksBuildPhase;
			buildActionMask = 2147483647;
			files = (
				CF8E8786256500BE5F38B99C /* Pods_SwiftQueue.framework in Frameworks */,
			);
			runOnlyForDeploymentPostprocessing = 0;
		};
		B02ADA641F3D80DD00E04A95 /* Frameworks */ = {
			isa = PBXFrameworksBuildPhase;
			buildActionMask = 2147483647;
			files = (
				B02ADA681F3D80DD00E04A95 /* SwiftQueue.framework in Frameworks */,
				0BF30F19CA8452A41B1C0890 /* Pods_SwiftQueueTests.framework in Frameworks */,
			);
			runOnlyForDeploymentPostprocessing = 0;
		};
/* End PBXFrameworksBuildPhase section */

/* Begin PBXGroup section */
		3220A6A598B756A14AB6173E /* Pods */ = {
			isa = PBXGroup;
			children = (
				EB0CA719EAEC754EA551E467 /* Pods-SwiftQueue.debug.xcconfig */,
				CA2A21C16D2CF8639C95000B /* Pods-SwiftQueue.release.xcconfig */,
				A2D4A03944081800720A3B8F /* Pods-SwiftQueueTests.debug.xcconfig */,
				F66345E2FAC4C93CD099A3FB /* Pods-SwiftQueueTests.release.xcconfig */,
			);
			name = Pods;
			sourceTree = "<group>";
		};
		74D550E10D5D585425C09B76 /* Frameworks */ = {
			isa = PBXGroup;
			children = (
				2D2699F05A7071DC62800CA0 /* Pods_SwiftQueue.framework */,
				D0C1BF8D9DF6AC61D0514F17 /* Pods_SwiftQueueTests.framework */,
			);
			name = Frameworks;
			sourceTree = "<group>";
		};
		B02ADA541F3D80DD00E04A95 = {
			isa = PBXGroup;
			children = (
				B02ADA601F3D80DD00E04A95 /* SwiftQueue */,
				B02ADA6B1F3D80DD00E04A95 /* SwiftQueueTests */,
				B02ADA5F1F3D80DD00E04A95 /* Products */,
				3220A6A598B756A14AB6173E /* Pods */,
				74D550E10D5D585425C09B76 /* Frameworks */,
			);
			sourceTree = "<group>";
		};
		B02ADA5F1F3D80DD00E04A95 /* Products */ = {
			isa = PBXGroup;
			children = (
				B02ADA5E1F3D80DD00E04A95 /* SwiftQueue.framework */,
				B02ADA671F3D80DD00E04A95 /* SwiftQueueTests.xctest */,
			);
			name = Products;
			sourceTree = "<group>";
		};
		B02ADA601F3D80DD00E04A95 /* SwiftQueue */ = {
			isa = PBXGroup;
			children = (
				B02ADA781F3D839200E04A95 /* Constraints.swift */,
				B02ADA791F3D839200E04A95 /* Job.swift */,
				B02ADA7A1F3D839200E04A95 /* SwiftQueue.swift */,
				B02ADA7B1F3D839200E04A95 /* JobTask.swift */,
				B02ADA7C1F3D839200E04A95 /* Utils.swift */,
				B02ADA611F3D80DD00E04A95 /* SwiftQueue.h */,
				B02ADA621F3D80DD00E04A95 /* Info.plist */,
				D0B7C4FD1D52ED28898EB8E8 /* UserDefaultsPerisister.swift */,
			);
			path = SwiftQueue;
			sourceTree = "<group>";
		};
		B02ADA6B1F3D80DD00E04A95 /* SwiftQueueTests */ = {
			isa = PBXGroup;
			children = (
				B02ADA6C1F3D80DD00E04A95 /* SwiftQueueTests.swift */,
				B02ADA6E1F3D80DD00E04A95 /* Info.plist */,
				D0B7C639E1B939F6FC1DD50E /* ConstraintTests.swift */,
				D0B7C958D8ACA6DC944523AD /* TestUtils.swift */,
			);
			path = SwiftQueueTests;
			sourceTree = "<group>";
		};
/* End PBXGroup section */

/* Begin PBXHeadersBuildPhase section */
		B02ADA5B1F3D80DD00E04A95 /* Headers */ = {
			isa = PBXHeadersBuildPhase;
			buildActionMask = 2147483647;
			files = (
				B02ADA6F1F3D80DD00E04A95 /* SwiftQueue.h in Headers */,
			);
			runOnlyForDeploymentPostprocessing = 0;
		};
/* End PBXHeadersBuildPhase section */

/* Begin PBXNativeTarget section */
		B02ADA5D1F3D80DD00E04A95 /* SwiftQueue */ = {
			isa = PBXNativeTarget;
			buildConfigurationList = B02ADA721F3D80DD00E04A95 /* Build configuration list for PBXNativeTarget "SwiftQueue" */;
			buildPhases = (
				9713C22DF1AFBF8FBF61CB82 /* [CP] Check Pods Manifest.lock */,
				B02ADA591F3D80DD00E04A95 /* Sources */,
				B02ADA5A1F3D80DD00E04A95 /* Frameworks */,
				B02ADA5B1F3D80DD00E04A95 /* Headers */,
				B02ADA5C1F3D80DD00E04A95 /* Resources */,
				F05633623D1EA1B82C084D7B /* [CP] Copy Pods Resources */,
			);
			buildRules = (
			);
			dependencies = (
			);
			name = SwiftQueue;
			productName = SwiftQueue;
			productReference = B02ADA5E1F3D80DD00E04A95 /* SwiftQueue.framework */;
			productType = "com.apple.product-type.framework";
		};
		B02ADA661F3D80DD00E04A95 /* SwiftQueueTests */ = {
			isa = PBXNativeTarget;
			buildConfigurationList = B02ADA751F3D80DD00E04A95 /* Build configuration list for PBXNativeTarget "SwiftQueueTests" */;
			buildPhases = (
				2FD4250B33ADACC0912D6800 /* [CP] Check Pods Manifest.lock */,
				B02ADA631F3D80DD00E04A95 /* Sources */,
				B02ADA641F3D80DD00E04A95 /* Frameworks */,
				B02ADA651F3D80DD00E04A95 /* Resources */,
				60BEC3A1B2FF5EF773424285 /* [CP] Embed Pods Frameworks */,
				6A4F2E0D9F636F3965D8F979 /* [CP] Copy Pods Resources */,
			);
			buildRules = (
			);
			dependencies = (
				B02ADA6A1F3D80DD00E04A95 /* PBXTargetDependency */,
			);
			name = SwiftQueueTests;
			productName = SwiftQueueTests;
			productReference = B02ADA671F3D80DD00E04A95 /* SwiftQueueTests.xctest */;
			productType = "com.apple.product-type.bundle.unit-test";
		};
/* End PBXNativeTarget section */

/* Begin PBXProject section */
		B02ADA551F3D80DD00E04A95 /* Project object */ = {
			isa = PBXProject;
			attributes = {
				LastSwiftUpdateCheck = 0830;
				LastUpgradeCheck = 0830;
				ORGANIZATIONNAME = "Lucas Nelaupe";
				TargetAttributes = {
					B02ADA5D1F3D80DD00E04A95 = {
						CreatedOnToolsVersion = 8.3.3;
						DevelopmentTeam = YZE928P5WG;
						LastSwiftMigration = 0830;
						ProvisioningStyle = Automatic;
					};
					B02ADA661F3D80DD00E04A95 = {
						CreatedOnToolsVersion = 8.3.3;
						DevelopmentTeam = YZE928P5WG;
						ProvisioningStyle = Automatic;
					};
				};
			};
			buildConfigurationList = B02ADA581F3D80DD00E04A95 /* Build configuration list for PBXProject "SwiftQueue" */;
			compatibilityVersion = "Xcode 3.2";
			developmentRegion = English;
			hasScannedForEncodings = 0;
			knownRegions = (
				en,
			);
			mainGroup = B02ADA541F3D80DD00E04A95;
			productRefGroup = B02ADA5F1F3D80DD00E04A95 /* Products */;
			projectDirPath = "";
			projectRoot = "";
			targets = (
				B02ADA5D1F3D80DD00E04A95 /* SwiftQueue */,
				B02ADA661F3D80DD00E04A95 /* SwiftQueueTests */,
			);
		};
/* End PBXProject section */

/* Begin PBXResourcesBuildPhase section */
		B02ADA5C1F3D80DD00E04A95 /* Resources */ = {
			isa = PBXResourcesBuildPhase;
			buildActionMask = 2147483647;
			files = (
			);
			runOnlyForDeploymentPostprocessing = 0;
		};
		B02ADA651F3D80DD00E04A95 /* Resources */ = {
			isa = PBXResourcesBuildPhase;
			buildActionMask = 2147483647;
			files = (
			);
			runOnlyForDeploymentPostprocessing = 0;
		};
/* End PBXResourcesBuildPhase section */

/* Begin PBXShellScriptBuildPhase section */
		2FD4250B33ADACC0912D6800 /* [CP] Check Pods Manifest.lock */ = {
			isa = PBXShellScriptBuildPhase;
			buildActionMask = 2147483647;
			files = (
			);
			inputPaths = (
				"${PODS_PODFILE_DIR_PATH}/Podfile.lock",
				"${PODS_ROOT}/Manifest.lock",
			);
			name = "[CP] Check Pods Manifest.lock";
			outputPaths = (
				"$(DERIVED_FILE_DIR)/Pods-SwiftQueueTests-checkManifestLockResult.txt",
			);
			runOnlyForDeploymentPostprocessing = 0;
			shellPath = /bin/sh;
			shellScript = "diff \"${PODS_PODFILE_DIR_PATH}/Podfile.lock\" \"${PODS_ROOT}/Manifest.lock\" > /dev/null\nif [ $? != 0 ] ; then\n    # print error to STDERR\n    echo \"error: The sandbox is not in sync with the Podfile.lock. Run 'pod install' or update your CocoaPods installation.\" >&2\n    exit 1\nfi\n# This output is used by Xcode 'outputs' to avoid re-running this script phase.\necho \"SUCCESS\" > \"${SCRIPT_OUTPUT_FILE_0}\"\n";
			showEnvVarsInLog = 0;
		};
		60BEC3A1B2FF5EF773424285 /* [CP] Embed Pods Frameworks */ = {
			isa = PBXShellScriptBuildPhase;
			buildActionMask = 2147483647;
			files = (
			);
			inputPaths = (
				"${SRCROOT}/Pods/Target Support Files/Pods-SwiftQueueTests/Pods-SwiftQueueTests-frameworks.sh",
				"${BUILT_PRODUCTS_DIR}/ReachabilitySwift/ReachabilitySwift.framework",
			);
			name = "[CP] Embed Pods Frameworks";
			outputPaths = (
				"${TARGET_BUILD_DIR}/${FRAMEWORKS_FOLDER_PATH}/ReachabilitySwift.framework",
			);
			runOnlyForDeploymentPostprocessing = 0;
			shellPath = /bin/sh;
			shellScript = "\"${SRCROOT}/Pods/Target Support Files/Pods-SwiftQueueTests/Pods-SwiftQueueTests-frameworks.sh\"\n";
			showEnvVarsInLog = 0;
		};
		6A4F2E0D9F636F3965D8F979 /* [CP] Copy Pods Resources */ = {
			isa = PBXShellScriptBuildPhase;
			buildActionMask = 2147483647;
			files = (
			);
			inputPaths = (
			);
			name = "[CP] Copy Pods Resources";
			outputPaths = (
			);
			runOnlyForDeploymentPostprocessing = 0;
			shellPath = /bin/sh;
			shellScript = "\"${SRCROOT}/Pods/Target Support Files/Pods-SwiftQueueTests/Pods-SwiftQueueTests-resources.sh\"\n";
			showEnvVarsInLog = 0;
		};
		9713C22DF1AFBF8FBF61CB82 /* [CP] Check Pods Manifest.lock */ = {
			isa = PBXShellScriptBuildPhase;
			buildActionMask = 2147483647;
			files = (
			);
			inputPaths = (
				"${PODS_PODFILE_DIR_PATH}/Podfile.lock",
				"${PODS_ROOT}/Manifest.lock",
			);
			name = "[CP] Check Pods Manifest.lock";
			outputPaths = (
				"$(DERIVED_FILE_DIR)/Pods-SwiftQueue-checkManifestLockResult.txt",
			);
			runOnlyForDeploymentPostprocessing = 0;
			shellPath = /bin/sh;
			shellScript = "diff \"${PODS_PODFILE_DIR_PATH}/Podfile.lock\" \"${PODS_ROOT}/Manifest.lock\" > /dev/null\nif [ $? != 0 ] ; then\n    # print error to STDERR\n    echo \"error: The sandbox is not in sync with the Podfile.lock. Run 'pod install' or update your CocoaPods installation.\" >&2\n    exit 1\nfi\n# This output is used by Xcode 'outputs' to avoid re-running this script phase.\necho \"SUCCESS\" > \"${SCRIPT_OUTPUT_FILE_0}\"\n";
			showEnvVarsInLog = 0;
		};
		F05633623D1EA1B82C084D7B /* [CP] Copy Pods Resources */ = {
			isa = PBXShellScriptBuildPhase;
			buildActionMask = 2147483647;
			files = (
			);
			inputPaths = (
			);
			name = "[CP] Copy Pods Resources";
			outputPaths = (
			);
			runOnlyForDeploymentPostprocessing = 0;
			shellPath = /bin/sh;
			shellScript = "\"${SRCROOT}/Pods/Target Support Files/Pods-SwiftQueue/Pods-SwiftQueue-resources.sh\"\n";
			showEnvVarsInLog = 0;
		};
/* End PBXShellScriptBuildPhase section */

/* Begin PBXSourcesBuildPhase section */
		B02ADA591F3D80DD00E04A95 /* Sources */ = {
			isa = PBXSourcesBuildPhase;
			buildActionMask = 2147483647;
			files = (
				B02ADA811F3D839200E04A95 /* Utils.swift in Sources */,
				B02ADA7D1F3D839200E04A95 /* Constraints.swift in Sources */,
				B02ADA7E1F3D839200E04A95 /* Job.swift in Sources */,
				B02ADA801F3D839200E04A95 /* JobTask.swift in Sources */,
				B02ADA7F1F3D839200E04A95 /* SwiftQueue.swift in Sources */,
				D0B7C476CF7FB5D47A93773E /* UserDefaultsPerisister.swift in Sources */,
			);
			runOnlyForDeploymentPostprocessing = 0;
		};
		B02ADA631F3D80DD00E04A95 /* Sources */ = {
			isa = PBXSourcesBuildPhase;
			buildActionMask = 2147483647;
			files = (
				B02ADA6D1F3D80DD00E04A95 /* SwiftQueueTests.swift in Sources */,
				D0B7C6C482E2436308F7BCF3 /* ConstraintTests.swift in Sources */,
				D0B7C78AC61DA424381B5DE7 /* TestUtils.swift in Sources */,
			);
			runOnlyForDeploymentPostprocessing = 0;
		};
/* End PBXSourcesBuildPhase section */

/* Begin PBXTargetDependency section */
		B02ADA6A1F3D80DD00E04A95 /* PBXTargetDependency */ = {
			isa = PBXTargetDependency;
			target = B02ADA5D1F3D80DD00E04A95 /* SwiftQueue */;
			targetProxy = B02ADA691F3D80DD00E04A95 /* PBXContainerItemProxy */;
		};
/* End PBXTargetDependency section */

/* Begin XCBuildConfiguration section */
		B02ADA701F3D80DD00E04A95 /* Debug */ = {
			isa = XCBuildConfiguration;
			buildSettings = {
				ALWAYS_SEARCH_USER_PATHS = NO;
				CLANG_ANALYZER_NONNULL = YES;
				CLANG_ANALYZER_NUMBER_OBJECT_CONVERSION = YES_AGGRESSIVE;
				CLANG_CXX_LANGUAGE_STANDARD = "gnu++0x";
				CLANG_CXX_LIBRARY = "libc++";
				CLANG_ENABLE_MODULES = YES;
				CLANG_ENABLE_OBJC_ARC = YES;
				CLANG_WARN_BOOL_CONVERSION = YES;
				CLANG_WARN_CONSTANT_CONVERSION = YES;
				CLANG_WARN_DIRECT_OBJC_ISA_USAGE = YES_ERROR;
				CLANG_WARN_DOCUMENTATION_COMMENTS = YES;
				CLANG_WARN_EMPTY_BODY = YES;
				CLANG_WARN_ENUM_CONVERSION = YES;
				CLANG_WARN_INFINITE_RECURSION = YES;
				CLANG_WARN_INT_CONVERSION = YES;
				CLANG_WARN_OBJC_ROOT_CLASS = YES_ERROR;
				CLANG_WARN_SUSPICIOUS_MOVE = YES;
				CLANG_WARN_UNREACHABLE_CODE = YES;
				CLANG_WARN__DUPLICATE_METHOD_MATCH = YES;
				"CODE_SIGN_IDENTITY[sdk=iphoneos*]" = "iPhone Developer";
				COPY_PHASE_STRIP = NO;
				CURRENT_PROJECT_VERSION = 1;
				DEBUG_INFORMATION_FORMAT = dwarf;
				ENABLE_STRICT_OBJC_MSGSEND = YES;
				ENABLE_TESTABILITY = YES;
				GCC_C_LANGUAGE_STANDARD = gnu99;
				GCC_DYNAMIC_NO_PIC = NO;
				GCC_NO_COMMON_BLOCKS = YES;
				GCC_OPTIMIZATION_LEVEL = 0;
				GCC_PREPROCESSOR_DEFINITIONS = (
					"DEBUG=1",
					"$(inherited)",
				);
				GCC_WARN_64_TO_32_BIT_CONVERSION = YES;
				GCC_WARN_ABOUT_RETURN_TYPE = YES_ERROR;
				GCC_WARN_UNDECLARED_SELECTOR = YES;
				GCC_WARN_UNINITIALIZED_AUTOS = YES_AGGRESSIVE;
				GCC_WARN_UNUSED_FUNCTION = YES;
				GCC_WARN_UNUSED_VARIABLE = YES;
				IPHONEOS_DEPLOYMENT_TARGET = 10.3;
				MTL_ENABLE_DEBUG_INFO = YES;
				ONLY_ACTIVE_ARCH = YES;
				SDKROOT = iphoneos;
				SWIFT_ACTIVE_COMPILATION_CONDITIONS = DEBUG;
				SWIFT_OPTIMIZATION_LEVEL = "-Onone";
				TARGETED_DEVICE_FAMILY = "1,2";
				VERSIONING_SYSTEM = "apple-generic";
				VERSION_INFO_PREFIX = "";
			};
			name = Debug;
		};
		B02ADA711F3D80DD00E04A95 /* Release */ = {
			isa = XCBuildConfiguration;
			buildSettings = {
				ALWAYS_SEARCH_USER_PATHS = NO;
				CLANG_ANALYZER_NONNULL = YES;
				CLANG_ANALYZER_NUMBER_OBJECT_CONVERSION = YES_AGGRESSIVE;
				CLANG_CXX_LANGUAGE_STANDARD = "gnu++0x";
				CLANG_CXX_LIBRARY = "libc++";
				CLANG_ENABLE_MODULES = YES;
				CLANG_ENABLE_OBJC_ARC = YES;
				CLANG_WARN_BOOL_CONVERSION = YES;
				CLANG_WARN_CONSTANT_CONVERSION = YES;
				CLANG_WARN_DIRECT_OBJC_ISA_USAGE = YES_ERROR;
				CLANG_WARN_DOCUMENTATION_COMMENTS = YES;
				CLANG_WARN_EMPTY_BODY = YES;
				CLANG_WARN_ENUM_CONVERSION = YES;
				CLANG_WARN_INFINITE_RECURSION = YES;
				CLANG_WARN_INT_CONVERSION = YES;
				CLANG_WARN_OBJC_ROOT_CLASS = YES_ERROR;
				CLANG_WARN_SUSPICIOUS_MOVE = YES;
				CLANG_WARN_UNREACHABLE_CODE = YES;
				CLANG_WARN__DUPLICATE_METHOD_MATCH = YES;
				"CODE_SIGN_IDENTITY[sdk=iphoneos*]" = "iPhone Developer";
				COPY_PHASE_STRIP = NO;
				CURRENT_PROJECT_VERSION = 1;
				DEBUG_INFORMATION_FORMAT = "dwarf-with-dsym";
				ENABLE_NS_ASSERTIONS = NO;
				ENABLE_STRICT_OBJC_MSGSEND = YES;
				GCC_C_LANGUAGE_STANDARD = gnu99;
				GCC_NO_COMMON_BLOCKS = YES;
				GCC_WARN_64_TO_32_BIT_CONVERSION = YES;
				GCC_WARN_ABOUT_RETURN_TYPE = YES_ERROR;
				GCC_WARN_UNDECLARED_SELECTOR = YES;
				GCC_WARN_UNINITIALIZED_AUTOS = YES_AGGRESSIVE;
				GCC_WARN_UNUSED_FUNCTION = YES;
				GCC_WARN_UNUSED_VARIABLE = YES;
				IPHONEOS_DEPLOYMENT_TARGET = 10.3;
				MTL_ENABLE_DEBUG_INFO = NO;
				SDKROOT = iphoneos;
				SWIFT_OPTIMIZATION_LEVEL = "-Owholemodule";
				TARGETED_DEVICE_FAMILY = "1,2";
				VALIDATE_PRODUCT = YES;
				VERSIONING_SYSTEM = "apple-generic";
				VERSION_INFO_PREFIX = "";
			};
			name = Release;
		};
		B02ADA731F3D80DD00E04A95 /* Debug */ = {
			isa = XCBuildConfiguration;
			baseConfigurationReference = EB0CA719EAEC754EA551E467 /* Pods-SwiftQueue.debug.xcconfig */;
			buildSettings = {
				CLANG_ENABLE_MODULES = YES;
				CODE_SIGN_IDENTITY = "";
				"CODE_SIGN_IDENTITY[sdk=iphoneos*]" = "iPhone Developer";
				DEFINES_MODULE = YES;
				DEVELOPMENT_TEAM = YZE928P5WG;
				DYLIB_COMPATIBILITY_VERSION = 1;
				DYLIB_CURRENT_VERSION = 1;
				DYLIB_INSTALL_NAME_BASE = "@rpath";
				INFOPLIST_FILE = SwiftQueue/Info.plist;
				INSTALL_PATH = "$(LOCAL_LIBRARY_DIR)/Frameworks";
				LD_RUNPATH_SEARCH_PATHS = "$(inherited) @executable_path/Frameworks @loader_path/Frameworks";
				PRODUCT_BUNDLE_IDENTIFIER = lucas.nelaupe.SwiftQueue;
				PRODUCT_NAME = "$(TARGET_NAME)";
				SKIP_INSTALL = YES;
				SWIFT_OPTIMIZATION_LEVEL = "-Onone";
				SWIFT_VERSION = 3.0;
			};
			name = Debug;
		};
		B02ADA741F3D80DD00E04A95 /* Release */ = {
			isa = XCBuildConfiguration;
			baseConfigurationReference = CA2A21C16D2CF8639C95000B /* Pods-SwiftQueue.release.xcconfig */;
			buildSettings = {
				CLANG_ENABLE_MODULES = YES;
				CODE_SIGN_IDENTITY = "";
				DEFINES_MODULE = YES;
				DEVELOPMENT_TEAM = YZE928P5WG;
				DYLIB_COMPATIBILITY_VERSION = 1;
				DYLIB_CURRENT_VERSION = 1;
				DYLIB_INSTALL_NAME_BASE = "@rpath";
				INFOPLIST_FILE = SwiftQueue/Info.plist;
				INSTALL_PATH = "$(LOCAL_LIBRARY_DIR)/Frameworks";
				LD_RUNPATH_SEARCH_PATHS = "$(inherited) @executable_path/Frameworks @loader_path/Frameworks";
				PRODUCT_BUNDLE_IDENTIFIER = lucas.nelaupe.SwiftQueue;
				PRODUCT_NAME = "$(TARGET_NAME)";
				SKIP_INSTALL = YES;
				SWIFT_VERSION = 3.0;
			};
			name = Release;
		};
		B02ADA761F3D80DD00E04A95 /* Debug */ = {
			isa = XCBuildConfiguration;
			baseConfigurationReference = A2D4A03944081800720A3B8F /* Pods-SwiftQueueTests.debug.xcconfig */;
			buildSettings = {
				ALWAYS_EMBED_SWIFT_STANDARD_LIBRARIES = YES;
				DEVELOPMENT_TEAM = YZE928P5WG;
				INFOPLIST_FILE = SwiftQueueTests/Info.plist;
				LD_RUNPATH_SEARCH_PATHS = "$(inherited) @executable_path/Frameworks @loader_path/Frameworks";
				PRODUCT_BUNDLE_IDENTIFIER = lucas.nelaupe.SwiftQueueTests;
				PRODUCT_NAME = "$(TARGET_NAME)";
				SWIFT_VERSION = 3.0;
			};
			name = Debug;
		};
		B02ADA771F3D80DD00E04A95 /* Release */ = {
			isa = XCBuildConfiguration;
			baseConfigurationReference = F66345E2FAC4C93CD099A3FB /* Pods-SwiftQueueTests.release.xcconfig */;
			buildSettings = {
				ALWAYS_EMBED_SWIFT_STANDARD_LIBRARIES = YES;
				DEVELOPMENT_TEAM = YZE928P5WG;
				INFOPLIST_FILE = SwiftQueueTests/Info.plist;
				LD_RUNPATH_SEARCH_PATHS = "$(inherited) @executable_path/Frameworks @loader_path/Frameworks";
				PRODUCT_BUNDLE_IDENTIFIER = lucas.nelaupe.SwiftQueueTests;
				PRODUCT_NAME = "$(TARGET_NAME)";
				SWIFT_VERSION = 3.0;
			};
			name = Release;
		};
/* End XCBuildConfiguration section */

/* Begin XCConfigurationList section */
		B02ADA581F3D80DD00E04A95 /* Build configuration list for PBXProject "SwiftQueue" */ = {
			isa = XCConfigurationList;
			buildConfigurations = (
				B02ADA701F3D80DD00E04A95 /* Debug */,
				B02ADA711F3D80DD00E04A95 /* Release */,
			);
			defaultConfigurationIsVisible = 0;
			defaultConfigurationName = Release;
		};
		B02ADA721F3D80DD00E04A95 /* Build configuration list for PBXNativeTarget "SwiftQueue" */ = {
			isa = XCConfigurationList;
			buildConfigurations = (
				B02ADA731F3D80DD00E04A95 /* Debug */,
				B02ADA741F3D80DD00E04A95 /* Release */,
			);
			defaultConfigurationIsVisible = 0;
			defaultConfigurationName = Release;
		};
		B02ADA751F3D80DD00E04A95 /* Build configuration list for PBXNativeTarget "SwiftQueueTests" */ = {
			isa = XCConfigurationList;
			buildConfigurations = (
				B02ADA761F3D80DD00E04A95 /* Debug */,
				B02ADA771F3D80DD00E04A95 /* Release */,
			);
			defaultConfigurationIsVisible = 0;
			defaultConfigurationName = Release;
		};
/* End XCConfigurationList section */
	};
	rootObject = B02ADA551F3D80DD00E04A95 /* Project object */;
}
