// !$*UTF8*$!
{
	archiveVersion = 1;
	classes = {
	};
	objectVersion = 46;
	objects = {

/* Begin PBXBuildFile section */
		1D7B3D281F5C1EBD000D49B6 /* Constraints.swift in Sources */ = {isa = PBXBuildFile; fileRef = 1D7B3D221F5C1EBD000D49B6 /* Constraints.swift */; };
		1D7B3D291F5C1EBD000D49B6 /* Job.swift in Sources */ = {isa = PBXBuildFile; fileRef = 1D7B3D231F5C1EBD000D49B6 /* Job.swift */; };
		1D7B3D2A1F5C1EBD000D49B6 /* SwiftQueueJob.swift in Sources */ = {isa = PBXBuildFile; fileRef = 1D7B3D241F5C1EBD000D49B6 /* SwiftQueueJob.swift */; };
		1D7B3D2B1F5C1EBD000D49B6 /* SwiftQueueManager.swift in Sources */ = {isa = PBXBuildFile; fileRef = 1D7B3D251F5C1EBD000D49B6 /* SwiftQueueManager.swift */; };
		1D7B3D2C1F5C1EBD000D49B6 /* UserDefaultsPerisister.swift in Sources */ = {isa = PBXBuildFile; fileRef = 1D7B3D261F5C1EBD000D49B6 /* UserDefaultsPerisister.swift */; };
		1D7B3D2D1F5C1EBD000D49B6 /* Utils.swift in Sources */ = {isa = PBXBuildFile; fileRef = 1D7B3D271F5C1EBD000D49B6 /* Utils.swift */; };
		1D7B3D361F5C1EDC000D49B6 /* StartStopTests.swift in Sources */ = {isa = PBXBuildFile; fileRef = 1D7B3D2F1F5C1EC7000D49B6 /* StartStopTests.swift */; };
		1D7B3D371F5C1EDE000D49B6 /* ConstraintTests.swift in Sources */ = {isa = PBXBuildFile; fileRef = 1D7B3D2E1F5C1EC7000D49B6 /* ConstraintTests.swift */; };
		1D7B3D381F5C1EE1000D49B6 /* TestReadMeSample.swift in Sources */ = {isa = PBXBuildFile; fileRef = 1D7B3D301F5C1EC7000D49B6 /* TestReadMeSample.swift */; };
		1D7B3D391F5C1EE4000D49B6 /* TestUtils.swift in Sources */ = {isa = PBXBuildFile; fileRef = 1D7B3D311F5C1EC7000D49B6 /* TestUtils.swift */; };
		1D7B3D3B1F5C1F18000D49B6 /* Reachability.swift in Sources */ = {isa = PBXBuildFile; fileRef = 1D7B3D3A1F5C1F18000D49B6 /* Reachability.swift */; };
		OBJ_20 /* SwiftQueue.swift in Sources */ = {isa = PBXBuildFile; fileRef = OBJ_8 /* SwiftQueue.swift */; };
		OBJ_27 /* SwiftQueueTests.swift in Sources */ = {isa = PBXBuildFile; fileRef = OBJ_11 /* SwiftQueueTests.swift */; };
		OBJ_29 /* SwiftQueue.framework in Frameworks */ = {isa = PBXBuildFile; fileRef = OBJ_13 /* SwiftQueue.framework */; };
/* End PBXBuildFile section */

/* Begin PBXContainerItemProxy section */
		1D7B3D211F5C1EAF000D49B6 /* PBXContainerItemProxy */ = {
			isa = PBXContainerItemProxy;
			containerPortal = OBJ_1 /* Project object */;
			proxyType = 1;
			remoteGlobalIDString = OBJ_15;
			remoteInfo = SwiftQueue;
		};
/* End PBXContainerItemProxy section */

/* Begin PBXFileReference section */
		1D7B3D221F5C1EBD000D49B6 /* Constraints.swift */ = {isa = PBXFileReference; fileEncoding = 4; lastKnownFileType = sourcecode.swift; path = Constraints.swift; sourceTree = "<group>"; };
		1D7B3D231F5C1EBD000D49B6 /* Job.swift */ = {isa = PBXFileReference; fileEncoding = 4; lastKnownFileType = sourcecode.swift; path = Job.swift; sourceTree = "<group>"; };
		1D7B3D241F5C1EBD000D49B6 /* SwiftQueueJob.swift */ = {isa = PBXFileReference; fileEncoding = 4; lastKnownFileType = sourcecode.swift; path = SwiftQueueJob.swift; sourceTree = "<group>"; };
		1D7B3D251F5C1EBD000D49B6 /* SwiftQueueManager.swift */ = {isa = PBXFileReference; fileEncoding = 4; lastKnownFileType = sourcecode.swift; path = SwiftQueueManager.swift; sourceTree = "<group>"; };
		1D7B3D261F5C1EBD000D49B6 /* UserDefaultsPerisister.swift */ = {isa = PBXFileReference; fileEncoding = 4; lastKnownFileType = sourcecode.swift; path = UserDefaultsPerisister.swift; sourceTree = "<group>"; };
		1D7B3D271F5C1EBD000D49B6 /* Utils.swift */ = {isa = PBXFileReference; fileEncoding = 4; lastKnownFileType = sourcecode.swift; path = Utils.swift; sourceTree = "<group>"; };
		1D7B3D2E1F5C1EC7000D49B6 /* ConstraintTests.swift */ = {isa = PBXFileReference; fileEncoding = 4; lastKnownFileType = sourcecode.swift; path = ConstraintTests.swift; sourceTree = "<group>"; };
		1D7B3D2F1F5C1EC7000D49B6 /* StartStopTests.swift */ = {isa = PBXFileReference; fileEncoding = 4; lastKnownFileType = sourcecode.swift; path = StartStopTests.swift; sourceTree = "<group>"; };
		1D7B3D301F5C1EC7000D49B6 /* TestReadMeSample.swift */ = {isa = PBXFileReference; fileEncoding = 4; lastKnownFileType = sourcecode.swift; path = TestReadMeSample.swift; sourceTree = "<group>"; };
		1D7B3D311F5C1EC7000D49B6 /* TestUtils.swift */ = {isa = PBXFileReference; fileEncoding = 4; lastKnownFileType = sourcecode.swift; path = TestUtils.swift; sourceTree = "<group>"; };
		1D7B3D3A1F5C1F18000D49B6 /* Reachability.swift */ = {isa = PBXFileReference; fileEncoding = 4; lastKnownFileType = sourcecode.swift; path = Reachability.swift; sourceTree = "<group>"; };
		OBJ_11 /* SwiftQueueTests.swift */ = {isa = PBXFileReference; lastKnownFileType = sourcecode.swift; path = SwiftQueueTests.swift; sourceTree = "<group>"; };
		OBJ_13 /* SwiftQueue.framework */ = {isa = PBXFileReference; explicitFileType = wrapper.framework; path = SwiftQueue.framework; sourceTree = BUILT_PRODUCTS_DIR; };
		OBJ_14 /* SwiftQueueTests.xctest */ = {isa = PBXFileReference; lastKnownFileType = file; path = SwiftQueueTests.xctest; sourceTree = BUILT_PRODUCTS_DIR; };
		OBJ_6 /* Package.swift */ = {isa = PBXFileReference; explicitFileType = sourcecode.swift; path = Package.swift; sourceTree = "<group>"; };
		OBJ_8 /* SwiftQueue.swift */ = {isa = PBXFileReference; lastKnownFileType = sourcecode.swift; path = SwiftQueue.swift; sourceTree = "<group>"; };
/* End PBXFileReference section */

/* Begin PBXFrameworksBuildPhase section */
		OBJ_21 /* Frameworks */ = {
			isa = PBXFrameworksBuildPhase;
			buildActionMask = 0;
			files = (
			);
			runOnlyForDeploymentPostprocessing = 0;
		};
		OBJ_28 /* Frameworks */ = {
			isa = PBXFrameworksBuildPhase;
			buildActionMask = 0;
			files = (
				OBJ_29 /* SwiftQueue.framework in Frameworks */,
			);
			runOnlyForDeploymentPostprocessing = 0;
		};
/* End PBXFrameworksBuildPhase section */

/* Begin PBXGroup section */
		OBJ_10 /* SwiftQueueTests */ = {
			isa = PBXGroup;
			children = (
				1D7B3D2E1F5C1EC7000D49B6 /* ConstraintTests.swift */,
				1D7B3D2F1F5C1EC7000D49B6 /* StartStopTests.swift */,
				1D7B3D301F5C1EC7000D49B6 /* TestReadMeSample.swift */,
				1D7B3D311F5C1EC7000D49B6 /* TestUtils.swift */,
				OBJ_11 /* SwiftQueueTests.swift */,
			);
			name = SwiftQueueTests;
			path = Tests/SwiftQueueTests;
			sourceTree = SOURCE_ROOT;
		};
		OBJ_12 /* Products */ = {
			isa = PBXGroup;
			children = (
				OBJ_13 /* SwiftQueue.framework */,
				OBJ_14 /* SwiftQueueTests.xctest */,
			);
			name = Products;
			sourceTree = BUILT_PRODUCTS_DIR;
		};
		OBJ_5 /*  */ = {
			isa = PBXGroup;
			children = (
				OBJ_6 /* Package.swift */,
				OBJ_7 /* Sources */,
				OBJ_9 /* Tests */,
				OBJ_12 /* Products */,
			);
			name = "";
			sourceTree = "<group>";
		};
		OBJ_7 /* Sources */ = {
			isa = PBXGroup;
			children = (
				1D7B3D221F5C1EBD000D49B6 /* Constraints.swift */,
				1D7B3D231F5C1EBD000D49B6 /* Job.swift */,
				1D7B3D241F5C1EBD000D49B6 /* SwiftQueueJob.swift */,
				1D7B3D251F5C1EBD000D49B6 /* SwiftQueueManager.swift */,
				1D7B3D261F5C1EBD000D49B6 /* UserDefaultsPerisister.swift */,
				1D7B3D271F5C1EBD000D49B6 /* Utils.swift */,
				OBJ_8 /* SwiftQueue.swift */,
				1D7B3D3A1F5C1F18000D49B6 /* Reachability.swift */,
			);
			path = Sources;
			sourceTree = SOURCE_ROOT;
		};
		OBJ_9 /* Tests */ = {
			isa = PBXGroup;
			children = (
				OBJ_10 /* SwiftQueueTests */,
			);
			name = Tests;
			sourceTree = SOURCE_ROOT;
		};
/* End PBXGroup section */

/* Begin PBXNativeTarget section */
		OBJ_15 /* SwiftQueue */ = {
			isa = PBXNativeTarget;
			buildConfigurationList = OBJ_16 /* Build configuration list for PBXNativeTarget "SwiftQueue" */;
			buildPhases = (
				OBJ_19 /* Sources */,
				OBJ_21 /* Frameworks */,
			);
			buildRules = (
			);
			dependencies = (
			);
			name = SwiftQueue;
			productName = SwiftQueue;
			productReference = OBJ_13 /* SwiftQueue.framework */;
			productType = "com.apple.product-type.framework";
		};
		OBJ_22 /* SwiftQueueTests */ = {
			isa = PBXNativeTarget;
			buildConfigurationList = OBJ_23 /* Build configuration list for PBXNativeTarget "SwiftQueueTests" */;
			buildPhases = (
				OBJ_26 /* Sources */,
				OBJ_28 /* Frameworks */,
			);
			buildRules = (
			);
			dependencies = (
				OBJ_30 /* PBXTargetDependency */,
			);
			name = SwiftQueueTests;
			productName = SwiftQueueTests;
			productReference = OBJ_14 /* SwiftQueueTests.xctest */;
			productType = "com.apple.product-type.bundle.unit-test";
		};
/* End PBXNativeTarget section */

/* Begin PBXProject section */
		OBJ_1 /* Project object */ = {
			isa = PBXProject;
			attributes = {
				LastUpgradeCheck = 9999;
			};
			buildConfigurationList = OBJ_2 /* Build configuration list for PBXProject "SwiftQueue" */;
			compatibilityVersion = "Xcode 3.2";
			developmentRegion = English;
			hasScannedForEncodings = 0;
			knownRegions = (
				en,
			);
			mainGroup = OBJ_5 /*  */;
			productRefGroup = OBJ_12 /* Products */;
			projectDirPath = "";
			projectRoot = "";
			targets = (
				OBJ_15 /* SwiftQueue */,
				OBJ_22 /* SwiftQueueTests */,
			);
		};
/* End PBXProject section */

/* Begin PBXSourcesBuildPhase section */
		OBJ_19 /* Sources */ = {
			isa = PBXSourcesBuildPhase;
			buildActionMask = 0;
			files = (
				1D7B3D2C1F5C1EBD000D49B6 /* UserDefaultsPerisister.swift in Sources */,
				1D7B3D281F5C1EBD000D49B6 /* Constraints.swift in Sources */,
				1D7B3D291F5C1EBD000D49B6 /* Job.swift in Sources */,
				1D7B3D2D1F5C1EBD000D49B6 /* Utils.swift in Sources */,
				OBJ_20 /* SwiftQueue.swift in Sources */,
				1D7B3D2A1F5C1EBD000D49B6 /* SwiftQueueJob.swift in Sources */,
				1D7B3D3B1F5C1F18000D49B6 /* Reachability.swift in Sources */,
				1D7B3D2B1F5C1EBD000D49B6 /* SwiftQueueManager.swift in Sources */,
			);
			runOnlyForDeploymentPostprocessing = 0;
		};
		OBJ_26 /* Sources */ = {
			isa = PBXSourcesBuildPhase;
			buildActionMask = 0;
			files = (
				1D7B3D361F5C1EDC000D49B6 /* StartStopTests.swift in Sources */,
				1D7B3D381F5C1EE1000D49B6 /* TestReadMeSample.swift in Sources */,
				OBJ_27 /* SwiftQueueTests.swift in Sources */,
				1D7B3D391F5C1EE4000D49B6 /* TestUtils.swift in Sources */,
				1D7B3D371F5C1EDE000D49B6 /* ConstraintTests.swift in Sources */,
			);
			runOnlyForDeploymentPostprocessing = 0;
		};
/* End PBXSourcesBuildPhase section */

/* Begin PBXTargetDependency section */
		OBJ_30 /* PBXTargetDependency */ = {
			isa = PBXTargetDependency;
			target = OBJ_15 /* SwiftQueue */;
			targetProxy = 1D7B3D211F5C1EAF000D49B6 /* PBXContainerItemProxy */;
		};
/* End PBXTargetDependency section */

/* Begin XCBuildConfiguration section */
		OBJ_17 /* Debug */ = {
			isa = XCBuildConfiguration;
			buildSettings = {
				ENABLE_TESTABILITY = YES;
				FRAMEWORK_SEARCH_PATHS = (
					"$(inherited)",
					"$(PLATFORM_DIR)/Developer/Library/Frameworks",
				);
				HEADER_SEARCH_PATHS = "$(inherited)";
				INFOPLIST_FILE = SwiftQueue.xcodeproj/SwiftQueue_Info.plist;
				LD_RUNPATH_SEARCH_PATHS = "$(TOOLCHAIN_DIR)/usr/lib/swift/macosx";
				OTHER_LDFLAGS = "$(inherited)";
				OTHER_SWIFT_FLAGS = "$(inherited)";
				PRODUCT_BUNDLE_IDENTIFIER = SwiftQueue;
				PRODUCT_MODULE_NAME = "$(TARGET_NAME:c99extidentifier)";
				PRODUCT_NAME = "$(TARGET_NAME:c99extidentifier)";
				SKIP_INSTALL = YES;
				TARGET_NAME = SwiftQueue;
			};
			name = Debug;
		};
		OBJ_18 /* Release */ = {
			isa = XCBuildConfiguration;
			buildSettings = {
				ENABLE_TESTABILITY = YES;
				FRAMEWORK_SEARCH_PATHS = (
					"$(inherited)",
					"$(PLATFORM_DIR)/Developer/Library/Frameworks",
				);
				HEADER_SEARCH_PATHS = "$(inherited)";
				INFOPLIST_FILE = SwiftQueue.xcodeproj/SwiftQueue_Info.plist;
				LD_RUNPATH_SEARCH_PATHS = "$(TOOLCHAIN_DIR)/usr/lib/swift/macosx";
				OTHER_LDFLAGS = "$(inherited)";
				OTHER_SWIFT_FLAGS = "$(inherited)";
				PRODUCT_BUNDLE_IDENTIFIER = SwiftQueue;
				PRODUCT_MODULE_NAME = "$(TARGET_NAME:c99extidentifier)";
				PRODUCT_NAME = "$(TARGET_NAME:c99extidentifier)";
				SKIP_INSTALL = YES;
				TARGET_NAME = SwiftQueue;
			};
			name = Release;
		};
		OBJ_24 /* Debug */ = {
			isa = XCBuildConfiguration;
			buildSettings = {
				EMBEDDED_CONTENT_CONTAINS_SWIFT = YES;
				FRAMEWORK_SEARCH_PATHS = (
					"$(inherited)",
					"$(PLATFORM_DIR)/Developer/Library/Frameworks",
				);
				HEADER_SEARCH_PATHS = "$(inherited)";
				INFOPLIST_FILE = SwiftQueue.xcodeproj/SwiftQueueTests_Info.plist;
				LD_RUNPATH_SEARCH_PATHS = "@loader_path/../Frameworks @loader_path/Frameworks";
				OTHER_LDFLAGS = "$(inherited)";
				OTHER_SWIFT_FLAGS = "$(inherited)";
				TARGET_NAME = SwiftQueueTests;
			};
			name = Debug;
		};
		OBJ_25 /* Release */ = {
			isa = XCBuildConfiguration;
			buildSettings = {
				EMBEDDED_CONTENT_CONTAINS_SWIFT = YES;
				FRAMEWORK_SEARCH_PATHS = (
					"$(inherited)",
					"$(PLATFORM_DIR)/Developer/Library/Frameworks",
				);
				HEADER_SEARCH_PATHS = "$(inherited)";
				INFOPLIST_FILE = SwiftQueue.xcodeproj/SwiftQueueTests_Info.plist;
				LD_RUNPATH_SEARCH_PATHS = "@loader_path/../Frameworks @loader_path/Frameworks";
				OTHER_LDFLAGS = "$(inherited)";
				OTHER_SWIFT_FLAGS = "$(inherited)";
				TARGET_NAME = SwiftQueueTests;
			};
			name = Release;
		};
		OBJ_3 /* Debug */ = {
			isa = XCBuildConfiguration;
			buildSettings = {
				CLANG_ENABLE_OBJC_ARC = YES;
				COMBINE_HIDPI_IMAGES = YES;
				COPY_PHASE_STRIP = NO;
				DEBUG_INFORMATION_FORMAT = dwarf;
				DYLIB_INSTALL_NAME_BASE = "@rpath";
				ENABLE_NS_ASSERTIONS = YES;
				GCC_OPTIMIZATION_LEVEL = 0;
				MACOSX_DEPLOYMENT_TARGET = 10.10;
				ONLY_ACTIVE_ARCH = YES;
				OTHER_SWIFT_FLAGS = "-DXcode";
				PRODUCT_NAME = "$(TARGET_NAME)";
				SDKROOT = macosx;
				SUPPORTED_PLATFORMS = "macosx iphoneos iphonesimulator appletvos appletvsimulator watchos watchsimulator";
				SWIFT_ACTIVE_COMPILATION_CONDITIONS = SWIFT_PACKAGE;
				SWIFT_OPTIMIZATION_LEVEL = "-Onone";
				SWIFT_VERSION = 3.0;
				USE_HEADERMAP = NO;
			};
			name = Debug;
		};
		OBJ_4 /* Release */ = {
			isa = XCBuildConfiguration;
			buildSettings = {
				CLANG_ENABLE_OBJC_ARC = YES;
				COMBINE_HIDPI_IMAGES = YES;
				COPY_PHASE_STRIP = YES;
				DEBUG_INFORMATION_FORMAT = "dwarf-with-dsym";
				DYLIB_INSTALL_NAME_BASE = "@rpath";
				GCC_OPTIMIZATION_LEVEL = s;
				MACOSX_DEPLOYMENT_TARGET = 10.10;
				OTHER_SWIFT_FLAGS = "-DXcode";
				PRODUCT_NAME = "$(TARGET_NAME)";
				SDKROOT = macosx;
				SUPPORTED_PLATFORMS = "macosx iphoneos iphonesimulator appletvos appletvsimulator watchos watchsimulator";
				SWIFT_ACTIVE_COMPILATION_CONDITIONS = SWIFT_PACKAGE;
				SWIFT_OPTIMIZATION_LEVEL = "-Owholemodule";
				SWIFT_VERSION = 3.0;
				USE_HEADERMAP = NO;
			};
			name = Release;
		};
/* End XCBuildConfiguration section */

/* Begin XCConfigurationList section */
		OBJ_16 /* Build configuration list for PBXNativeTarget "SwiftQueue" */ = {
			isa = XCConfigurationList;
			buildConfigurations = (
				OBJ_17 /* Debug */,
				OBJ_18 /* Release */,
			);
			defaultConfigurationIsVisible = 0;
			defaultConfigurationName = Debug;
		};
		OBJ_2 /* Build configuration list for PBXProject "SwiftQueue" */ = {
			isa = XCConfigurationList;
			buildConfigurations = (
				OBJ_3 /* Debug */,
				OBJ_4 /* Release */,
			);
			defaultConfigurationIsVisible = 0;
			defaultConfigurationName = Debug;
		};
		OBJ_23 /* Build configuration list for PBXNativeTarget "SwiftQueueTests" */ = {
			isa = XCConfigurationList;
			buildConfigurations = (
				OBJ_24 /* Debug */,
				OBJ_25 /* Release */,
			);
			defaultConfigurationIsVisible = 0;
			defaultConfigurationName = Debug;
		};
/* End XCConfigurationList section */
	};
	rootObject = OBJ_1 /* Project object */;
}
